// !$*UTF8*$!
{
	archiveVersion = 1;
	classes = {
	};
	objectVersion = 46;
	objects = {

/* Begin PBXBuildFile section */
		F4131ECF190F5C08004F7F9A /* HMStoreCreateSlotItemHistoryCommand.m in Sources */ = {isa = PBXBuildFile; fileRef = F4131ECE190F5C08004F7F9A /* HMStoreCreateSlotItemHistoryCommand.m */; };
		F4131ED5190F63D8004F7F9A /* HMUpdateSlotItemCommand.m in Sources */ = {isa = PBXBuildFile; fileRef = F4131ED4190F63D8004F7F9A /* HMUpdateSlotItemCommand.m */; };
		F4131ED8190FA08D004F7F9A /* HMDestroyItem2Command.m in Sources */ = {isa = PBXBuildFile; fileRef = F4131ED7190FA08D004F7F9A /* HMDestroyItem2Command.m */; };
		F4131EDC190FEBCC004F7F9A /* HMSlotItemWindowController.m in Sources */ = {isa = PBXBuildFile; fileRef = F4131EDA190FEBCC004F7F9A /* HMSlotItemWindowController.m */; };
		F4131EDE190FEBDB004F7F9A /* HMSlotItemWindowController.xib in Resources */ = {isa = PBXBuildFile; fileRef = F4131EE0190FEBDB004F7F9A /* HMSlotItemWindowController.xib */; };
		F4131EE61910318F004F7F9A /* HMMasterSlotItemEquipTypeCommand.m in Sources */ = {isa = PBXBuildFile; fileRef = F4131EE51910318F004F7F9A /* HMMasterSlotItemEquipTypeCommand.m */; };
		F4131EE91911445F004F7F9A /* HMSlotItemEquipTypeTransformer.m in Sources */ = {isa = PBXBuildFile; fileRef = F4131EE81911445F004F7F9A /* HMSlotItemEquipTypeTransformer.m */; };
		F4268009193AF4E000B2C27F /* HMUserDefaults.m in Sources */ = {isa = PBXBuildFile; fileRef = F4268008193AF4E000B2C27F /* HMUserDefaults.m */; };
		F42680121943E92D00B2C27F /* HMKCShipObject+Extensions.m in Sources */ = {isa = PBXBuildFile; fileRef = F42680111943E92D00B2C27F /* HMKCShipObject+Extensions.m */; };
		F426801B1943EAE100B2C27F /* HMKCShipObject.m in Sources */ = {isa = PBXBuildFile; fileRef = F426801A1943EAE100B2C27F /* HMKCShipObject.m */; };
		F426802B194D0F4800B2C27F /* HMMemberShip2Command.m in Sources */ = {isa = PBXBuildFile; fileRef = F426802A194D0F4800B2C27F /* HMMemberShip2Command.m */; };
		F426802E194D0FFD00B2C27F /* HMMemberShip3Command.m in Sources */ = {isa = PBXBuildFile; fileRef = F426802D194D0FFD00B2C27F /* HMMemberShip3Command.m */; };
		F4268031194D1B1A00B2C27F /* HMChangeHenseiCommand.m in Sources */ = {isa = PBXBuildFile; fileRef = F4268030194D1B1A00B2C27F /* HMChangeHenseiCommand.m */; };
		F4268034195332A000B2C27F /* HMPowerUpCommand.m in Sources */ = {isa = PBXBuildFile; fileRef = F4268033195332A000B2C27F /* HMPowerUpCommand.m */; };
		F42680371957000200B2C27F /* HMTimerCountFormatter.m in Sources */ = {isa = PBXBuildFile; fileRef = F42680361957000200B2C27F /* HMTimerCountFormatter.m */; };
		F43BA4A1197BE22200CFF788 /* HMDestroyShipCommand.m in Sources */ = {isa = PBXBuildFile; fileRef = F43BA4A0197BE22200CFF788 /* HMDestroyShipCommand.m */; };
		F43BA4A4197BE6C200CFF788 /* HMRealDestroyShipCommand.m in Sources */ = {isa = PBXBuildFile; fileRef = F43BA4A3197BE6C200CFF788 /* HMRealDestroyShipCommand.m */; };
		F43BA4A7197CD59400CFF788 /* HMNyukyoSpeedChangeCommand.m in Sources */ = {isa = PBXBuildFile; fileRef = F43BA4A6197CD59400CFF788 /* HMNyukyoSpeedChangeCommand.m */; };
		F43E67B718BE02A10087E5B6 /* STypeShortName.plist in Resources */ = {isa = PBXBuildFile; fileRef = F43E67B618BE02A10087E5B6 /* STypeShortName.plist */; };
		F43E67B918BE060E0087E5B6 /* LevelUpExp.plist in Resources */ = {isa = PBXBuildFile; fileRef = F43E67B818BE060E0087E5B6 /* LevelUpExp.plist */; };
		F4513EDD18B619B600073552 /* HMCoreDataManager.m in Sources */ = {isa = PBXBuildFile; fileRef = F4513EDC18B619B600073552 /* HMCoreDataManager.m */; };
		F4513EE418B635EA00073552 /* HMDocksViewController.m in Sources */ = {isa = PBXBuildFile; fileRef = F4513EE218B635EA00073552 /* HMDocksViewController.m */; };
		F4513EE818B77A5300073552 /* HMMemberKDockCommand.m in Sources */ = {isa = PBXBuildFile; fileRef = F4513EE718B77A5300073552 /* HMMemberKDockCommand.m */; };
		F4513EEB18B7900A00073552 /* HMMemberDeckCommand.m in Sources */ = {isa = PBXBuildFile; fileRef = F4513EEA18B7900A00073552 /* HMMemberDeckCommand.m */; };
		F4513EEE18B8E2F600073552 /* HMMemberMaterialCommand.m in Sources */ = {isa = PBXBuildFile; fileRef = F4513EED18B8E2F600073552 /* HMMemberMaterialCommand.m */; };
		F4513EF018B96C6C00073552 /* Links.rtf in Resources */ = {isa = PBXBuildFile; fileRef = F4513EEF18B96C6C00073552 /* Links.rtf */; };
		F4513EF318B991F800073552 /* HMMemberBasicCommand.m in Sources */ = {isa = PBXBuildFile; fileRef = F4513EF218B991F800073552 /* HMMemberBasicCommand.m */; };
		F4513EF618B9F29800073552 /* HMMemberShipCommand.m in Sources */ = {isa = PBXBuildFile; fileRef = F4513EF518B9F29800073552 /* HMMemberShipCommand.m */; };
		F4513EFA18BB699700073552 /* HMShipWindowController.m in Sources */ = {isa = PBXBuildFile; fileRef = F4513EF818BB699700073552 /* HMShipWindowController.m */; };
		F46F103618A7CE310063E503 /* HMJSONViewCommand.m in Sources */ = {isa = PBXBuildFile; fileRef = F46F103518A7CE310063E503 /* HMJSONViewCommand.m */; };
		F46F104118A9B85E0063E503 /* HMJSONNode.m in Sources */ = {isa = PBXBuildFile; fileRef = F46F104018A9B85E0063E503 /* HMJSONNode.m */; };
		F46F104518AA50730063E503 /* HMBroserWindowController.m in Sources */ = {isa = PBXBuildFile; fileRef = F46F104318AA50730063E503 /* HMBroserWindowController.m */; };
		F46F104918ABAC910063E503 /* KCD.xcdatamodeld in Sources */ = {isa = PBXBuildFile; fileRef = F46F104718ABAC910063E503 /* KCD.xcdatamodeld */; };
		F47B78B218A7B42B0011386E /* HMJSONViewWindowController.m in Sources */ = {isa = PBXBuildFile; fileRef = F47B78B018A7B42B0011386E /* HMJSONViewWindowController.m */; };
		F48F7B021907D7B800E78AE1 /* HMPortCommand.m in Sources */ = {isa = PBXBuildFile; fileRef = F48F7B011907D7B800E78AE1 /* HMPortCommand.m */; };
		F494DC5F18C30AE100AE97E4 /* HMMissionStatus.m in Sources */ = {isa = PBXBuildFile; fileRef = F494DC5E18C30AE100AE97E4 /* HMMissionStatus.m */; };
		F494DC6318C608C100AE97E4 /* HMShipViewController.m in Sources */ = {isa = PBXBuildFile; fileRef = F494DC6118C608C100AE97E4 /* HMShipViewController.m */; };
		F494DC6718C8BA6400AE97E4 /* HMPowerUpSupportViewController.m in Sources */ = {isa = PBXBuildFile; fileRef = F494DC6618C8BA6400AE97E4 /* HMPowerUpSupportViewController.m */; };
		F494DC6A18C8BAB900AE97E4 /* HMPowerUpSupportViewController.xib in Resources */ = {isa = PBXBuildFile; fileRef = F494DC6818C8BAB900AE97E4 /* HMPowerUpSupportViewController.xib */; };
		F494DC6D18CC054800AE97E4 /* HMNyukyoDockStatus.m in Sources */ = {isa = PBXBuildFile; fileRef = F494DC6C18CC054800AE97E4 /* HMNyukyoDockStatus.m */; };
		F49828FC1902A226000D6BBE /* HMStrokeTextFieldCell.m in Sources */ = {isa = PBXBuildFile; fileRef = F49828FB1902A226000D6BBE /* HMStrokeTextFieldCell.m */; };
		F4A3AD82199F529700FDBF80 /* HMCombinedBattleCommand.m in Sources */ = {isa = PBXBuildFile; fileRef = F4A3AD81199F529700FDBF80 /* HMCombinedBattleCommand.m */; };
		F4A3AD8519B0CAB700FDBF80 /* HMPlanToShowsBoldFontTransformer.m in Sources */ = {isa = PBXBuildFile; fileRef = F4A3AD8419B0CAB700FDBF80 /* HMPlanToShowsBoldFontTransformer.m */; };
		F4A3AD8819B6149D00FDBF80 /* HMNyukyoStartCommand.m in Sources */ = {isa = PBXBuildFile; fileRef = F4A3AD8719B6149D00FDBF80 /* HMNyukyoStartCommand.m */; };
		F4A3AD8B19B9BE7A00FDBF80 /* HMMaskSelectView.m in Sources */ = {isa = PBXBuildFile; fileRef = F4A3AD8A19B9BE7A00FDBF80 /* HMMaskSelectView.m */; };
		F4A3AD8E19BB220000FDBF80 /* HMMaskInfomation.m in Sources */ = {isa = PBXBuildFile; fileRef = F4A3AD8D19BB220000FDBF80 /* HMMaskInfomation.m */; };
		F4A3AD9219BDDD8E00FDBF80 /* HMPreferencePanelController.m in Sources */ = {isa = PBXBuildFile; fileRef = F4A3AD9019BDDD8E00FDBF80 /* HMPreferencePanelController.m */; };
		F4A3AD9419BDDE5500FDBF80 /* HMPreferencePanelController.xib in Resources */ = {isa = PBXBuildFile; fileRef = F4A3AD9619BDDE5500FDBF80 /* HMPreferencePanelController.xib */; };
		F4AA05FB192B92C800844688 /* Temporary.xcdatamodeld in Sources */ = {isa = PBXBuildFile; fileRef = F4AA05F9192B92C700844688 /* Temporary.xcdatamodeld */; };
		F4AA05FE192B932E00844688 /* HMTemporaryDataStore.m in Sources */ = {isa = PBXBuildFile; fileRef = F4AA05FD192B932E00844688 /* HMTemporaryDataStore.m */; };
		F4AA0601192E1FE900844688 /* HMBattleCommand.m in Sources */ = {isa = PBXBuildFile; fileRef = F4AA0600192E1FE900844688 /* HMBattleCommand.m */; };
		F4AA0604192E20F500844688 /* HMCalculateDamageCommand.m in Sources */ = {isa = PBXBuildFile; fileRef = F4AA0603192E20F500844688 /* HMCalculateDamageCommand.m */; };
		F4AA0607192E3B6200844688 /* HMMapStartCommand.m in Sources */ = {isa = PBXBuildFile; fileRef = F4AA0606192E3B6200844688 /* HMMapStartCommand.m */; };
		F4AA060D1930E69200844688 /* HMMidnightBattleCommand.m in Sources */ = {isa = PBXBuildFile; fileRef = F4AA060C1930E69200844688 /* HMMidnightBattleCommand.m */; };
		F4AA06101931869E00844688 /* HMBattleResultCommand.m in Sources */ = {isa = PBXBuildFile; fileRef = F4AA060F1931869E00844688 /* HMBattleResultCommand.m */; };
		F4B1E30819C73B6A00805879 /* HMSuppliesCell.m in Sources */ = {isa = PBXBuildFile; fileRef = F4B1E30419C73B6A00805879 /* HMSuppliesCell.m */; };
		F4B1E30919C73B6A00805879 /* HMSuppliesView.m in Sources */ = {isa = PBXBuildFile; fileRef = F4B1E30619C73B6A00805879 /* HMSuppliesView.m */; };
		F4B2D02B18F83A2F00542742 /* HMScreenshotWindowController.xib in Resources */ = {isa = PBXBuildFile; fileRef = F4B2D02D18F83A2F00542742 /* HMScreenshotWindowController.xib */; };
		F4B2D03118F83CBB00542742 /* HMDeckViewController.m in Sources */ = {isa = PBXBuildFile; fileRef = F4B2D02F18F83CBB00542742 /* HMDeckViewController.m */; };
		F4B2D03318F83CC800542742 /* HMDeckViewController.xib in Resources */ = {isa = PBXBuildFile; fileRef = F4B2D03518F83CC800542742 /* HMDeckViewController.xib */; };
		F4B3DBCA18DDB9170011B4FC /* HMCreateSlotItemCommand.m in Sources */ = {isa = PBXBuildFile; fileRef = F4B3DBC918DDB9170011B4FC /* HMCreateSlotItemCommand.m */; };
		F4B3DC1B18DEAB5E0011B4FC /* HMKaihatuHistory.m in Sources */ = {isa = PBXBuildFile; fileRef = F4B3DC1A18DEAB5E0011B4FC /* HMKaihatuHistory.m */; };
		F4B3DC1E18DEB8C70011B4FC /* HMKenzoHistory.m in Sources */ = {isa = PBXBuildFile; fileRef = F4B3DC1D18DEB8C70011B4FC /* HMKenzoHistory.m */; };
		F4B3DC2118DECF570011B4FC /* HMTSVSupport.m in Sources */ = {isa = PBXBuildFile; fileRef = F4B3DC2018DECF570011B4FC /* HMTSVSupport.m */; };
		F4B3DC2718DF2F360011B4FC /* HMKenzoMark.m in Sources */ = {isa = PBXBuildFile; fileRef = F4B3DC2618DF2F360011B4FC /* HMKenzoMark.m */; };
		F4B3DC2A18DF31400011B4FC /* HMCreateShipCommand.m in Sources */ = {isa = PBXBuildFile; fileRef = F4B3DC2918DF31400011B4FC /* HMCreateShipCommand.m */; };
		F4B3DC2E18E07B680011B4FC /* HMHistoryWindowController.m in Sources */ = {isa = PBXBuildFile; fileRef = F4B3DC2C18E07B680011B4FC /* HMHistoryWindowController.m */; };
		F4B3DC3018E5C81E0011B4FC /* HMHistoryWindowController.xib in Resources */ = {isa = PBXBuildFile; fileRef = F4B3DC3218E5C81E0011B4FC /* HMHistoryWindowController.xib */; };
		F4B3DC3318E5C8520011B4FC /* HMShipViewController.xib in Resources */ = {isa = PBXBuildFile; fileRef = F4B3DC3518E5C8520011B4FC /* HMShipViewController.xib */; };
		F4B3DC3618E5C8650011B4FC /* HMShipWindowController.xib in Resources */ = {isa = PBXBuildFile; fileRef = F4B3DC3818E5C8650011B4FC /* HMShipWindowController.xib */; };
		F4B3DC3918E5C8700011B4FC /* HMJSONViewWindowController.xib in Resources */ = {isa = PBXBuildFile; fileRef = F4B3DC3B18E5C8700011B4FC /* HMJSONViewWindowController.xib */; };
		F4B3DC3C18E5C87D0011B4FC /* HMDocksViewController.xib in Resources */ = {isa = PBXBuildFile; fileRef = F4B3DC3E18E5C87D0011B4FC /* HMDocksViewController.xib */; };
		F4B3DC3F18E5C8870011B4FC /* HMBroserWindowController.xib in Resources */ = {isa = PBXBuildFile; fileRef = F4B3DC4118E5C8870011B4FC /* HMBroserWindowController.xib */; };
		F4B3DC4418E70B370011B4FC /* HMServerDataStore.m in Sources */ = {isa = PBXBuildFile; fileRef = F4B3DC4318E70B370011B4FC /* HMServerDataStore.m */; };
		F4B3DC4718EEEB920011B4FC /* HMCompositMapCommand.m in Sources */ = {isa = PBXBuildFile; fileRef = F4B3DC4618EEEB920011B4FC /* HMCompositMapCommand.m */; };
		F4B3DC4C18F0C8A90011B4FC /* Social.framework in Frameworks */ = {isa = PBXBuildFile; fileRef = F4B3DC4B18F0C8A90011B4FC /* Social.framework */; };
		F4B3DC4E18F0C8FF0011B4FC /* Accounts.framework in Frameworks */ = {isa = PBXBuildFile; fileRef = F4B3DC4D18F0C8FF0011B4FC /* Accounts.framework */; };
		F4B3DC5218F150CD0011B4FC /* HMScreenshotWindowController.m in Sources */ = {isa = PBXBuildFile; fileRef = F4B3DC5018F150CD0011B4FC /* HMScreenshotWindowController.m */; };
		F4B414E918B09A4B00468DAF /* HMMasterMapAreaCommand.m in Sources */ = {isa = PBXBuildFile; fileRef = F4B414E818B09A4B00468DAF /* HMMasterMapAreaCommand.m */; };
		F4B414EC18B0A7D600468DAF /* HMMasterUseItemCommand.m in Sources */ = {isa = PBXBuildFile; fileRef = F4B414EB18B0A7D600468DAF /* HMMasterUseItemCommand.m */; };
		F4B414EF18B0BF1A00468DAF /* HMMasterMapInfoCommand.m in Sources */ = {isa = PBXBuildFile; fileRef = F4B414EE18B0BF1A00468DAF /* HMMasterMapInfoCommand.m */; };
		F4B414F218B1013C00468DAF /* HMMasterSlotItemCommand.m in Sources */ = {isa = PBXBuildFile; fileRef = F4B414F118B1013C00468DAF /* HMMasterSlotItemCommand.m */; };
		F4B414F518B1888800468DAF /* HMMasterFurnitureCommand.m in Sources */ = {isa = PBXBuildFile; fileRef = F4B414F418B1888800468DAF /* HMMasterFurnitureCommand.m */; };
		F4B414F818B1D35800468DAF /* HMMasterMissionCommand.m in Sources */ = {isa = PBXBuildFile; fileRef = F4B414F718B1D35800468DAF /* HMMasterMissionCommand.m */; };
		F4B414FB18B1FB6C00468DAF /* HMMasterMapCellCommand.m in Sources */ = {isa = PBXBuildFile; fileRef = F4B414FA18B1FB6C00468DAF /* HMMasterMapCellCommand.m */; };
		F4B414FE18B3A66200468DAF /* HMMemberNDockCommand.m in Sources */ = {isa = PBXBuildFile; fileRef = F4B414FD18B3A66200468DAF /* HMMemberNDockCommand.m */; };
		F4BDEB47187252F30069D0CE /* Cocoa.framework in Frameworks */ = {isa = PBXBuildFile; fileRef = F4BDEB46187252F30069D0CE /* Cocoa.framework */; };
		F4BDEB51187252F30069D0CE /* InfoPlist.strings in Resources */ = {isa = PBXBuildFile; fileRef = F4BDEB4F187252F30069D0CE /* InfoPlist.strings */; };
		F4BDEB53187252F30069D0CE /* main.m in Sources */ = {isa = PBXBuildFile; fileRef = F4BDEB52187252F30069D0CE /* main.m */; };
		F4BDEB5A187252F30069D0CE /* HMAppDelegate.m in Sources */ = {isa = PBXBuildFile; fileRef = F4BDEB59187252F30069D0CE /* HMAppDelegate.m */; };
		F4BDEB5D187252F30069D0CE /* MainMenu.xib in Resources */ = {isa = PBXBuildFile; fileRef = F4BDEB5B187252F30069D0CE /* MainMenu.xib */; };
		F4BDEB5F187252F30069D0CE /* Images.xcassets in Resources */ = {isa = PBXBuildFile; fileRef = F4BDEB5E187252F30069D0CE /* Images.xcassets */; };
		F4BDEB66187252F30069D0CE /* XCTest.framework in Frameworks */ = {isa = PBXBuildFile; fileRef = F4BDEB65187252F30069D0CE /* XCTest.framework */; };
		F4BDEB67187252F30069D0CE /* Cocoa.framework in Frameworks */ = {isa = PBXBuildFile; fileRef = F4BDEB46187252F30069D0CE /* Cocoa.framework */; };
		F4BDEB6F187252F30069D0CE /* InfoPlist.strings in Resources */ = {isa = PBXBuildFile; fileRef = F4BDEB6D187252F30069D0CE /* InfoPlist.strings */; };
		F4BDEB71187252F30069D0CE /* KCDTests.m in Sources */ = {isa = PBXBuildFile; fileRef = F4BDEB70187252F30069D0CE /* KCDTests.m */; };
		F4BDEB7B187253130069D0CE /* WebKit.framework in Frameworks */ = {isa = PBXBuildFile; fileRef = F4BDEB7A187253130069D0CE /* WebKit.framework */; };
		F4BEEE9F18D211280006F70C /* Localizable.strings in Resources */ = {isa = PBXBuildFile; fileRef = F4BEEE9D18D211280006F70C /* Localizable.strings */; };
		F4C041BA1875CAF5009273EB /* JavaScriptCore.framework in Frameworks */ = {isa = PBXBuildFile; fileRef = F4C041B91875CAF5009273EB /* JavaScriptCore.framework */; };
		F4C118FA18A67B1C005D5B25 /* CacheStoragePolicy.m in Sources */ = {isa = PBXBuildFile; fileRef = F4C118F518A67B1C005D5B25 /* CacheStoragePolicy.m */; };
		F4C118FB18A67B1C005D5B25 /* CanonicalRequest.m in Sources */ = {isa = PBXBuildFile; fileRef = F4C118F718A67B1C005D5B25 /* CanonicalRequest.m */; };
		F4C118FC18A67B1C005D5B25 /* CustomHTTPProtocol.m in Sources */ = {isa = PBXBuildFile; fileRef = F4C118F918A67B1C005D5B25 /* CustomHTTPProtocol.m */; };
		F4C1190218A6FFC2005D5B25 /* HMQueue.m in Sources */ = {isa = PBXBuildFile; fileRef = F4C1190118A6FFC2005D5B25 /* HMQueue.m */; };
		F4C1190518A71AEA005D5B25 /* HMJSONReciever.m in Sources */ = {isa = PBXBuildFile; fileRef = F4C1190418A71AEA005D5B25 /* HMJSONReciever.m */; };
		F4C1190818A746EB005D5B25 /* HMJSONTracker.m in Sources */ = {isa = PBXBuildFile; fileRef = F4C1190718A746EB005D5B25 /* HMJSONTracker.m */; };
		F4C1190B18A74DF0005D5B25 /* HMJSONCommand.m in Sources */ = {isa = PBXBuildFile; fileRef = F4C1190A18A74DF0005D5B25 /* HMJSONCommand.m */; };
		F4C3957418CDDFE500A1E918 /* HMKenzoDockStatus.m in Sources */ = {isa = PBXBuildFile; fileRef = F4C3957318CDDFE500A1E918 /* HMKenzoDockStatus.m */; };
		F4D2CBC218AD0E1A000EBC59 /* HMMasterSTypeCommand.m in Sources */ = {isa = PBXBuildFile; fileRef = F4D2CBC118AD0E1A000EBC59 /* HMMasterSTypeCommand.m */; };
		F4D2CBC518AE2AE2000EBC59 /* HMCompositCommand.m in Sources */ = {isa = PBXBuildFile; fileRef = F4D2CBC418AE2AE2000EBC59 /* HMCompositCommand.m */; };
		F4D2CBC818B0555A000EBC59 /* HMKCManagedObject.m in Sources */ = {isa = PBXBuildFile; fileRef = F4D2CBC718B0555A000EBC59 /* HMKCManagedObject.m */; };
		F4D2CBCB18B05E58000EBC59 /* HMMaserShipCommand.m in Sources */ = {isa = PBXBuildFile; fileRef = F4D2CBCA18B05E58000EBC59 /* HMMaserShipCommand.m */; };
		F4E33B5818BF5F67005B8C07 /* HMMemberSlotItemCommand.m in Sources */ = {isa = PBXBuildFile; fileRef = F4E33B5718BF5F67005B8C07 /* HMMemberSlotItemCommand.m */; };
		F4E7802818DBD2A00011BC4C /* HMGetShipCommand.m in Sources */ = {isa = PBXBuildFile; fileRef = F4E7802718DBD2A00011BC4C /* HMGetShipCommand.m */; };
		F4E7802B18DC3A820011BC4C /* HMLocalDataStore.m in Sources */ = {isa = PBXBuildFile; fileRef = F4E7802A18DC3A820011BC4C /* HMLocalDataStore.m */; };
		F4E7802E18DC3AF00011BC4C /* LocalData.xcdatamodeld in Sources */ = {isa = PBXBuildFile; fileRef = F4E7802C18DC3AF00011BC4C /* LocalData.xcdatamodeld */; };
		F4FCFD44191F4C1D000640A1 /* HMKenzoMarkCommand.m in Sources */ = {isa = PBXBuildFile; fileRef = F4FCFD43191F4C1D000640A1 /* HMKenzoMarkCommand.m */; };
/* End PBXBuildFile section */

/* Begin PBXContainerItemProxy section */
		F4BDEB68187252F30069D0CE /* PBXContainerItemProxy */ = {
			isa = PBXContainerItemProxy;
			containerPortal = F4BDEB3B187252F30069D0CE /* Project object */;
			proxyType = 1;
			remoteGlobalIDString = F4BDEB42187252F30069D0CE;
			remoteInfo = KCD;
		};
/* End PBXContainerItemProxy section */

/* Begin PBXFileReference section */
		F4131ECD190F5C08004F7F9A /* HMStoreCreateSlotItemHistoryCommand.h */ = {isa = PBXFileReference; fileEncoding = 4; lastKnownFileType = sourcecode.c.h; path = HMStoreCreateSlotItemHistoryCommand.h; sourceTree = "<group>"; };
		F4131ECE190F5C08004F7F9A /* HMStoreCreateSlotItemHistoryCommand.m */ = {isa = PBXFileReference; fileEncoding = 4; lastKnownFileType = sourcecode.c.objc; path = HMStoreCreateSlotItemHistoryCommand.m; sourceTree = "<group>"; };
		F4131ED3190F63D8004F7F9A /* HMUpdateSlotItemCommand.h */ = {isa = PBXFileReference; fileEncoding = 4; lastKnownFileType = sourcecode.c.h; path = HMUpdateSlotItemCommand.h; sourceTree = "<group>"; };
		F4131ED4190F63D8004F7F9A /* HMUpdateSlotItemCommand.m */ = {isa = PBXFileReference; fileEncoding = 4; lastKnownFileType = sourcecode.c.objc; path = HMUpdateSlotItemCommand.m; sourceTree = "<group>"; };
		F4131ED6190FA08D004F7F9A /* HMDestroyItem2Command.h */ = {isa = PBXFileReference; fileEncoding = 4; lastKnownFileType = sourcecode.c.h; path = HMDestroyItem2Command.h; sourceTree = "<group>"; };
		F4131ED7190FA08D004F7F9A /* HMDestroyItem2Command.m */ = {isa = PBXFileReference; fileEncoding = 4; lastKnownFileType = sourcecode.c.objc; path = HMDestroyItem2Command.m; sourceTree = "<group>"; };
		F4131ED9190FEBCC004F7F9A /* HMSlotItemWindowController.h */ = {isa = PBXFileReference; fileEncoding = 4; lastKnownFileType = sourcecode.c.h; path = HMSlotItemWindowController.h; sourceTree = "<group>"; };
		F4131EDA190FEBCC004F7F9A /* HMSlotItemWindowController.m */ = {isa = PBXFileReference; fileEncoding = 4; lastKnownFileType = sourcecode.c.objc; path = HMSlotItemWindowController.m; sourceTree = "<group>"; };
		F4131EDF190FEBDB004F7F9A /* ja */ = {isa = PBXFileReference; lastKnownFileType = file.xib; name = ja; path = ja.lproj/HMSlotItemWindowController.xib; sourceTree = "<group>"; };
		F4131EE41910318F004F7F9A /* HMMasterSlotItemEquipTypeCommand.h */ = {isa = PBXFileReference; fileEncoding = 4; lastKnownFileType = sourcecode.c.h; path = HMMasterSlotItemEquipTypeCommand.h; sourceTree = "<group>"; };
		F4131EE51910318F004F7F9A /* HMMasterSlotItemEquipTypeCommand.m */ = {isa = PBXFileReference; fileEncoding = 4; lastKnownFileType = sourcecode.c.objc; path = HMMasterSlotItemEquipTypeCommand.m; sourceTree = "<group>"; };
		F4131EE71911445F004F7F9A /* HMSlotItemEquipTypeTransformer.h */ = {isa = PBXFileReference; fileEncoding = 4; lastKnownFileType = sourcecode.c.h; path = HMSlotItemEquipTypeTransformer.h; sourceTree = "<group>"; };
		F4131EE81911445F004F7F9A /* HMSlotItemEquipTypeTransformer.m */ = {isa = PBXFileReference; fileEncoding = 4; lastKnownFileType = sourcecode.c.objc; path = HMSlotItemEquipTypeTransformer.m; sourceTree = "<group>"; };
		F4268007193AF4E000B2C27F /* HMUserDefaults.h */ = {isa = PBXFileReference; fileEncoding = 4; lastKnownFileType = sourcecode.c.h; path = HMUserDefaults.h; sourceTree = "<group>"; };
		F4268008193AF4E000B2C27F /* HMUserDefaults.m */ = {isa = PBXFileReference; fileEncoding = 4; lastKnownFileType = sourcecode.c.objc; path = HMUserDefaults.m; sourceTree = "<group>"; };
		F42680101943E92D00B2C27F /* HMKCShipObject+Extensions.h */ = {isa = PBXFileReference; fileEncoding = 4; lastKnownFileType = sourcecode.c.h; path = "HMKCShipObject+Extensions.h"; sourceTree = "<group>"; };
		F42680111943E92D00B2C27F /* HMKCShipObject+Extensions.m */ = {isa = PBXFileReference; fileEncoding = 4; lastKnownFileType = sourcecode.c.objc; path = "HMKCShipObject+Extensions.m"; sourceTree = "<group>"; };
		F42680191943EAE100B2C27F /* HMKCShipObject.h */ = {isa = PBXFileReference; fileEncoding = 4; lastKnownFileType = sourcecode.c.h; path = HMKCShipObject.h; sourceTree = "<group>"; };
		F426801A1943EAE100B2C27F /* HMKCShipObject.m */ = {isa = PBXFileReference; fileEncoding = 4; lastKnownFileType = sourcecode.c.objc; path = HMKCShipObject.m; sourceTree = "<group>"; };
		F4268029194D0F4800B2C27F /* HMMemberShip2Command.h */ = {isa = PBXFileReference; fileEncoding = 4; lastKnownFileType = sourcecode.c.h; path = HMMemberShip2Command.h; sourceTree = "<group>"; };
		F426802A194D0F4800B2C27F /* HMMemberShip2Command.m */ = {isa = PBXFileReference; fileEncoding = 4; lastKnownFileType = sourcecode.c.objc; path = HMMemberShip2Command.m; sourceTree = "<group>"; };
		F426802C194D0FFD00B2C27F /* HMMemberShip3Command.h */ = {isa = PBXFileReference; fileEncoding = 4; lastKnownFileType = sourcecode.c.h; path = HMMemberShip3Command.h; sourceTree = "<group>"; };
		F426802D194D0FFD00B2C27F /* HMMemberShip3Command.m */ = {isa = PBXFileReference; fileEncoding = 4; lastKnownFileType = sourcecode.c.objc; path = HMMemberShip3Command.m; sourceTree = "<group>"; };
		F426802F194D1B1A00B2C27F /* HMChangeHenseiCommand.h */ = {isa = PBXFileReference; fileEncoding = 4; lastKnownFileType = sourcecode.c.h; path = HMChangeHenseiCommand.h; sourceTree = "<group>"; };
		F4268030194D1B1A00B2C27F /* HMChangeHenseiCommand.m */ = {isa = PBXFileReference; fileEncoding = 4; lastKnownFileType = sourcecode.c.objc; path = HMChangeHenseiCommand.m; sourceTree = "<group>"; };
		F4268032195332A000B2C27F /* HMPowerUpCommand.h */ = {isa = PBXFileReference; fileEncoding = 4; lastKnownFileType = sourcecode.c.h; path = HMPowerUpCommand.h; sourceTree = "<group>"; };
		F4268033195332A000B2C27F /* HMPowerUpCommand.m */ = {isa = PBXFileReference; fileEncoding = 4; lastKnownFileType = sourcecode.c.objc; path = HMPowerUpCommand.m; sourceTree = "<group>"; };
		F42680351957000200B2C27F /* HMTimerCountFormatter.h */ = {isa = PBXFileReference; fileEncoding = 4; lastKnownFileType = sourcecode.c.h; path = HMTimerCountFormatter.h; sourceTree = "<group>"; };
		F42680361957000200B2C27F /* HMTimerCountFormatter.m */ = {isa = PBXFileReference; fileEncoding = 4; lastKnownFileType = sourcecode.c.objc; path = HMTimerCountFormatter.m; sourceTree = "<group>"; };
		F43BA49F197BE22200CFF788 /* HMDestroyShipCommand.h */ = {isa = PBXFileReference; fileEncoding = 4; lastKnownFileType = sourcecode.c.h; path = HMDestroyShipCommand.h; sourceTree = "<group>"; };
		F43BA4A0197BE22200CFF788 /* HMDestroyShipCommand.m */ = {isa = PBXFileReference; fileEncoding = 4; lastKnownFileType = sourcecode.c.objc; path = HMDestroyShipCommand.m; sourceTree = "<group>"; };
		F43BA4A2197BE6C200CFF788 /* HMRealDestroyShipCommand.h */ = {isa = PBXFileReference; fileEncoding = 4; lastKnownFileType = sourcecode.c.h; path = HMRealDestroyShipCommand.h; sourceTree = "<group>"; };
		F43BA4A3197BE6C200CFF788 /* HMRealDestroyShipCommand.m */ = {isa = PBXFileReference; fileEncoding = 4; lastKnownFileType = sourcecode.c.objc; path = HMRealDestroyShipCommand.m; sourceTree = "<group>"; };
		F43BA4A5197CD59400CFF788 /* HMNyukyoSpeedChangeCommand.h */ = {isa = PBXFileReference; fileEncoding = 4; lastKnownFileType = sourcecode.c.h; path = HMNyukyoSpeedChangeCommand.h; sourceTree = "<group>"; };
		F43BA4A6197CD59400CFF788 /* HMNyukyoSpeedChangeCommand.m */ = {isa = PBXFileReference; fileEncoding = 4; lastKnownFileType = sourcecode.c.objc; path = HMNyukyoSpeedChangeCommand.m; sourceTree = "<group>"; };
		F43E67B618BE02A10087E5B6 /* STypeShortName.plist */ = {isa = PBXFileReference; fileEncoding = 4; lastKnownFileType = text.plist.xml; path = STypeShortName.plist; sourceTree = "<group>"; };
		F43E67B818BE060E0087E5B6 /* LevelUpExp.plist */ = {isa = PBXFileReference; fileEncoding = 4; lastKnownFileType = text.plist.xml; path = LevelUpExp.plist; sourceTree = "<group>"; };
		F4513EDB18B619B600073552 /* HMCoreDataManager.h */ = {isa = PBXFileReference; fileEncoding = 4; lastKnownFileType = sourcecode.c.h; path = HMCoreDataManager.h; sourceTree = "<group>"; };
		F4513EDC18B619B600073552 /* HMCoreDataManager.m */ = {isa = PBXFileReference; fileEncoding = 4; lastKnownFileType = sourcecode.c.objc; path = HMCoreDataManager.m; sourceTree = "<group>"; };
		F4513EE118B635EA00073552 /* HMDocksViewController.h */ = {isa = PBXFileReference; fileEncoding = 4; lastKnownFileType = sourcecode.c.h; path = HMDocksViewController.h; sourceTree = "<group>"; };
		F4513EE218B635EA00073552 /* HMDocksViewController.m */ = {isa = PBXFileReference; fileEncoding = 4; lastKnownFileType = sourcecode.c.objc; path = HMDocksViewController.m; sourceTree = "<group>"; };
		F4513EE618B77A5300073552 /* HMMemberKDockCommand.h */ = {isa = PBXFileReference; fileEncoding = 4; lastKnownFileType = sourcecode.c.h; path = HMMemberKDockCommand.h; sourceTree = "<group>"; };
		F4513EE718B77A5300073552 /* HMMemberKDockCommand.m */ = {isa = PBXFileReference; fileEncoding = 4; lastKnownFileType = sourcecode.c.objc; path = HMMemberKDockCommand.m; sourceTree = "<group>"; };
		F4513EE918B7900A00073552 /* HMMemberDeckCommand.h */ = {isa = PBXFileReference; fileEncoding = 4; lastKnownFileType = sourcecode.c.h; path = HMMemberDeckCommand.h; sourceTree = "<group>"; };
		F4513EEA18B7900A00073552 /* HMMemberDeckCommand.m */ = {isa = PBXFileReference; fileEncoding = 4; lastKnownFileType = sourcecode.c.objc; path = HMMemberDeckCommand.m; sourceTree = "<group>"; };
		F4513EEC18B8E2F600073552 /* HMMemberMaterialCommand.h */ = {isa = PBXFileReference; fileEncoding = 4; lastKnownFileType = sourcecode.c.h; path = HMMemberMaterialCommand.h; sourceTree = "<group>"; };
		F4513EED18B8E2F600073552 /* HMMemberMaterialCommand.m */ = {isa = PBXFileReference; fileEncoding = 4; lastKnownFileType = sourcecode.c.objc; path = HMMemberMaterialCommand.m; sourceTree = "<group>"; };
		F4513EEF18B96C6C00073552 /* Links.rtf */ = {isa = PBXFileReference; fileEncoding = 4; lastKnownFileType = text.rtf; path = Links.rtf; sourceTree = "<group>"; };
		F4513EF118B991F800073552 /* HMMemberBasicCommand.h */ = {isa = PBXFileReference; fileEncoding = 4; lastKnownFileType = sourcecode.c.h; path = HMMemberBasicCommand.h; sourceTree = "<group>"; };
		F4513EF218B991F800073552 /* HMMemberBasicCommand.m */ = {isa = PBXFileReference; fileEncoding = 4; lastKnownFileType = sourcecode.c.objc; path = HMMemberBasicCommand.m; sourceTree = "<group>"; };
		F4513EF418B9F29800073552 /* HMMemberShipCommand.h */ = {isa = PBXFileReference; fileEncoding = 4; lastKnownFileType = sourcecode.c.h; path = HMMemberShipCommand.h; sourceTree = "<group>"; };
		F4513EF518B9F29800073552 /* HMMemberShipCommand.m */ = {isa = PBXFileReference; fileEncoding = 4; lastKnownFileType = sourcecode.c.objc; path = HMMemberShipCommand.m; sourceTree = "<group>"; };
		F4513EF718BB699700073552 /* HMShipWindowController.h */ = {isa = PBXFileReference; fileEncoding = 4; lastKnownFileType = sourcecode.c.h; path = HMShipWindowController.h; sourceTree = "<group>"; };
		F4513EF818BB699700073552 /* HMShipWindowController.m */ = {isa = PBXFileReference; fileEncoding = 4; lastKnownFileType = sourcecode.c.objc; path = HMShipWindowController.m; sourceTree = "<group>"; };
		F46F103418A7CE310063E503 /* HMJSONViewCommand.h */ = {isa = PBXFileReference; fileEncoding = 4; lastKnownFileType = sourcecode.c.h; path = HMJSONViewCommand.h; sourceTree = "<group>"; };
		F46F103518A7CE310063E503 /* HMJSONViewCommand.m */ = {isa = PBXFileReference; fileEncoding = 4; lastKnownFileType = sourcecode.c.objc; path = HMJSONViewCommand.m; sourceTree = "<group>"; };
		F46F103F18A9B85E0063E503 /* HMJSONNode.h */ = {isa = PBXFileReference; fileEncoding = 4; lastKnownFileType = sourcecode.c.h; path = HMJSONNode.h; sourceTree = "<group>"; };
		F46F104018A9B85E0063E503 /* HMJSONNode.m */ = {isa = PBXFileReference; fileEncoding = 4; lastKnownFileType = sourcecode.c.objc; path = HMJSONNode.m; sourceTree = "<group>"; };
		F46F104218AA50730063E503 /* HMBroserWindowController.h */ = {isa = PBXFileReference; fileEncoding = 4; lastKnownFileType = sourcecode.c.h; path = HMBroserWindowController.h; sourceTree = "<group>"; };
		F46F104318AA50730063E503 /* HMBroserWindowController.m */ = {isa = PBXFileReference; fileEncoding = 4; lastKnownFileType = sourcecode.c.objc; path = HMBroserWindowController.m; sourceTree = "<group>"; };
		F46F104818ABAC910063E503 /* KCD.xcdatamodel */ = {isa = PBXFileReference; lastKnownFileType = wrapper.xcdatamodel; path = KCD.xcdatamodel; sourceTree = "<group>"; };
		F47B78AF18A7B42B0011386E /* HMJSONViewWindowController.h */ = {isa = PBXFileReference; fileEncoding = 4; lastKnownFileType = sourcecode.c.h; path = HMJSONViewWindowController.h; sourceTree = "<group>"; };
		F47B78B018A7B42B0011386E /* HMJSONViewWindowController.m */ = {isa = PBXFileReference; fileEncoding = 4; lastKnownFileType = sourcecode.c.objc; path = HMJSONViewWindowController.m; sourceTree = "<group>"; };
		F48F7B001907D7B800E78AE1 /* HMPortCommand.h */ = {isa = PBXFileReference; fileEncoding = 4; lastKnownFileType = sourcecode.c.h; path = HMPortCommand.h; sourceTree = "<group>"; };
		F48F7B011907D7B800E78AE1 /* HMPortCommand.m */ = {isa = PBXFileReference; fileEncoding = 4; lastKnownFileType = sourcecode.c.objc; path = HMPortCommand.m; sourceTree = "<group>"; };
		F494DC5618C23E4300AE97E4 /* ja */ = {isa = PBXFileReference; lastKnownFileType = text.plist.strings; name = ja; path = ja.lproj/MainMenu.strings; sourceTree = "<group>"; };
		F494DC5718C23E4300AE97E4 /* ja */ = {isa = PBXFileReference; lastKnownFileType = text.plist.strings; name = ja; path = ja.lproj/InfoPlist.strings; sourceTree = "<group>"; };
		F494DC5918C23E4400AE97E4 /* ja */ = {isa = PBXFileReference; lastKnownFileType = text.plist.strings; name = ja; path = ja.lproj/InfoPlist.strings; sourceTree = "<group>"; };
		F494DC5D18C30AE100AE97E4 /* HMMissionStatus.h */ = {isa = PBXFileReference; fileEncoding = 4; lastKnownFileType = sourcecode.c.h; path = HMMissionStatus.h; sourceTree = "<group>"; };
		F494DC5E18C30AE100AE97E4 /* HMMissionStatus.m */ = {isa = PBXFileReference; fileEncoding = 4; lastKnownFileType = sourcecode.c.objc; path = HMMissionStatus.m; sourceTree = "<group>"; };
		F494DC6018C608C100AE97E4 /* HMShipViewController.h */ = {isa = PBXFileReference; fileEncoding = 4; lastKnownFileType = sourcecode.c.h; path = HMShipViewController.h; sourceTree = "<group>"; };
		F494DC6118C608C100AE97E4 /* HMShipViewController.m */ = {isa = PBXFileReference; fileEncoding = 4; lastKnownFileType = sourcecode.c.objc; path = HMShipViewController.m; sourceTree = "<group>"; };
		F494DC6518C8BA6400AE97E4 /* HMPowerUpSupportViewController.h */ = {isa = PBXFileReference; fileEncoding = 4; lastKnownFileType = sourcecode.c.h; path = HMPowerUpSupportViewController.h; sourceTree = "<group>"; };
		F494DC6618C8BA6400AE97E4 /* HMPowerUpSupportViewController.m */ = {isa = PBXFileReference; fileEncoding = 4; lastKnownFileType = sourcecode.c.objc; path = HMPowerUpSupportViewController.m; sourceTree = "<group>"; };
		F494DC6918C8BAB900AE97E4 /* ja */ = {isa = PBXFileReference; lastKnownFileType = file.xib; name = ja; path = ja.lproj/HMPowerUpSupportViewController.xib; sourceTree = "<group>"; };
		F494DC6B18CC054800AE97E4 /* HMNyukyoDockStatus.h */ = {isa = PBXFileReference; fileEncoding = 4; lastKnownFileType = sourcecode.c.h; path = HMNyukyoDockStatus.h; sourceTree = "<group>"; };
		F494DC6C18CC054800AE97E4 /* HMNyukyoDockStatus.m */ = {isa = PBXFileReference; fileEncoding = 4; lastKnownFileType = sourcecode.c.objc; path = HMNyukyoDockStatus.m; sourceTree = "<group>"; };
		F49828FA1902A226000D6BBE /* HMStrokeTextFieldCell.h */ = {isa = PBXFileReference; fileEncoding = 4; lastKnownFileType = sourcecode.c.h; path = HMStrokeTextFieldCell.h; sourceTree = "<group>"; };
		F49828FB1902A226000D6BBE /* HMStrokeTextFieldCell.m */ = {isa = PBXFileReference; fileEncoding = 4; lastKnownFileType = sourcecode.c.objc; path = HMStrokeTextFieldCell.m; sourceTree = "<group>"; };
		F4A3AD80199F529700FDBF80 /* HMCombinedBattleCommand.h */ = {isa = PBXFileReference; fileEncoding = 4; lastKnownFileType = sourcecode.c.h; path = HMCombinedBattleCommand.h; sourceTree = "<group>"; };
		F4A3AD81199F529700FDBF80 /* HMCombinedBattleCommand.m */ = {isa = PBXFileReference; fileEncoding = 4; lastKnownFileType = sourcecode.c.objc; path = HMCombinedBattleCommand.m; sourceTree = "<group>"; };
		F4A3AD8319B0CAB700FDBF80 /* HMPlanToShowsBoldFontTransformer.h */ = {isa = PBXFileReference; fileEncoding = 4; lastKnownFileType = sourcecode.c.h; path = HMPlanToShowsBoldFontTransformer.h; sourceTree = "<group>"; };
		F4A3AD8419B0CAB700FDBF80 /* HMPlanToShowsBoldFontTransformer.m */ = {isa = PBXFileReference; fileEncoding = 4; lastKnownFileType = sourcecode.c.objc; path = HMPlanToShowsBoldFontTransformer.m; sourceTree = "<group>"; };
		F4A3AD8619B6149D00FDBF80 /* HMNyukyoStartCommand.h */ = {isa = PBXFileReference; fileEncoding = 4; lastKnownFileType = sourcecode.c.h; path = HMNyukyoStartCommand.h; sourceTree = "<group>"; };
		F4A3AD8719B6149D00FDBF80 /* HMNyukyoStartCommand.m */ = {isa = PBXFileReference; fileEncoding = 4; lastKnownFileType = sourcecode.c.objc; path = HMNyukyoStartCommand.m; sourceTree = "<group>"; };
		F4A3AD8919B9BE7A00FDBF80 /* HMMaskSelectView.h */ = {isa = PBXFileReference; fileEncoding = 4; lastKnownFileType = sourcecode.c.h; path = HMMaskSelectView.h; sourceTree = "<group>"; };
		F4A3AD8A19B9BE7A00FDBF80 /* HMMaskSelectView.m */ = {isa = PBXFileReference; fileEncoding = 4; lastKnownFileType = sourcecode.c.objc; path = HMMaskSelectView.m; sourceTree = "<group>"; };
		F4A3AD8C19BB220000FDBF80 /* HMMaskInfomation.h */ = {isa = PBXFileReference; fileEncoding = 4; lastKnownFileType = sourcecode.c.h; path = HMMaskInfomation.h; sourceTree = "<group>"; };
		F4A3AD8D19BB220000FDBF80 /* HMMaskInfomation.m */ = {isa = PBXFileReference; fileEncoding = 4; lastKnownFileType = sourcecode.c.objc; path = HMMaskInfomation.m; sourceTree = "<group>"; };
		F4A3AD8F19BDDD8D00FDBF80 /* HMPreferencePanelController.h */ = {isa = PBXFileReference; fileEncoding = 4; lastKnownFileType = sourcecode.c.h; path = HMPreferencePanelController.h; sourceTree = "<group>"; };
		F4A3AD9019BDDD8E00FDBF80 /* HMPreferencePanelController.m */ = {isa = PBXFileReference; fileEncoding = 4; lastKnownFileType = sourcecode.c.objc; path = HMPreferencePanelController.m; sourceTree = "<group>"; };
		F4A3AD9519BDDE5500FDBF80 /* ja */ = {isa = PBXFileReference; lastKnownFileType = file.xib; name = ja; path = ja.lproj/HMPreferencePanelController.xib; sourceTree = "<group>"; };
		F4AA05FA192B92C800844688 /* Temporary.xcdatamodel */ = {isa = PBXFileReference; lastKnownFileType = wrapper.xcdatamodel; path = Temporary.xcdatamodel; sourceTree = "<group>"; };
		F4AA05FC192B932E00844688 /* HMTemporaryDataStore.h */ = {isa = PBXFileReference; fileEncoding = 4; lastKnownFileType = sourcecode.c.h; path = HMTemporaryDataStore.h; sourceTree = "<group>"; };
		F4AA05FD192B932E00844688 /* HMTemporaryDataStore.m */ = {isa = PBXFileReference; fileEncoding = 4; lastKnownFileType = sourcecode.c.objc; path = HMTemporaryDataStore.m; sourceTree = "<group>"; };
		F4AA05FF192E1FE900844688 /* HMBattleCommand.h */ = {isa = PBXFileReference; fileEncoding = 4; lastKnownFileType = sourcecode.c.h; path = HMBattleCommand.h; sourceTree = "<group>"; };
		F4AA0600192E1FE900844688 /* HMBattleCommand.m */ = {isa = PBXFileReference; fileEncoding = 4; lastKnownFileType = sourcecode.c.objc; path = HMBattleCommand.m; sourceTree = "<group>"; };
		F4AA0602192E20F500844688 /* HMCalculateDamageCommand.h */ = {isa = PBXFileReference; fileEncoding = 4; lastKnownFileType = sourcecode.c.h; path = HMCalculateDamageCommand.h; sourceTree = "<group>"; };
		F4AA0603192E20F500844688 /* HMCalculateDamageCommand.m */ = {isa = PBXFileReference; fileEncoding = 4; lastKnownFileType = sourcecode.c.objc; path = HMCalculateDamageCommand.m; sourceTree = "<group>"; };
		F4AA0605192E3B6200844688 /* HMMapStartCommand.h */ = {isa = PBXFileReference; fileEncoding = 4; lastKnownFileType = sourcecode.c.h; path = HMMapStartCommand.h; sourceTree = "<group>"; };
		F4AA0606192E3B6200844688 /* HMMapStartCommand.m */ = {isa = PBXFileReference; fileEncoding = 4; lastKnownFileType = sourcecode.c.objc; path = HMMapStartCommand.m; sourceTree = "<group>"; };
		F4AA060B1930E69200844688 /* HMMidnightBattleCommand.h */ = {isa = PBXFileReference; fileEncoding = 4; lastKnownFileType = sourcecode.c.h; path = HMMidnightBattleCommand.h; sourceTree = "<group>"; };
		F4AA060C1930E69200844688 /* HMMidnightBattleCommand.m */ = {isa = PBXFileReference; fileEncoding = 4; lastKnownFileType = sourcecode.c.objc; path = HMMidnightBattleCommand.m; sourceTree = "<group>"; };
		F4AA060E1931869E00844688 /* HMBattleResultCommand.h */ = {isa = PBXFileReference; fileEncoding = 4; lastKnownFileType = sourcecode.c.h; path = HMBattleResultCommand.h; sourceTree = "<group>"; };
		F4AA060F1931869E00844688 /* HMBattleResultCommand.m */ = {isa = PBXFileReference; fileEncoding = 4; lastKnownFileType = sourcecode.c.objc; path = HMBattleResultCommand.m; sourceTree = "<group>"; };
		F4B1E30319C73B6A00805879 /* HMSuppliesCell.h */ = {isa = PBXFileReference; fileEncoding = 4; lastKnownFileType = sourcecode.c.h; path = HMSuppliesCell.h; sourceTree = "<group>"; };
		F4B1E30419C73B6A00805879 /* HMSuppliesCell.m */ = {isa = PBXFileReference; fileEncoding = 4; lastKnownFileType = sourcecode.c.objc; path = HMSuppliesCell.m; sourceTree = "<group>"; };
		F4B1E30519C73B6A00805879 /* HMSuppliesView.h */ = {isa = PBXFileReference; fileEncoding = 4; lastKnownFileType = sourcecode.c.h; path = HMSuppliesView.h; sourceTree = "<group>"; };
		F4B1E30619C73B6A00805879 /* HMSuppliesView.m */ = {isa = PBXFileReference; fileEncoding = 4; lastKnownFileType = sourcecode.c.objc; path = HMSuppliesView.m; sourceTree = "<group>"; };
		F4B2D02C18F83A2F00542742 /* ja */ = {isa = PBXFileReference; lastKnownFileType = file.xib; name = ja; path = ja.lproj/HMScreenshotWindowController.xib; sourceTree = "<group>"; };
		F4B2D02E18F83CBB00542742 /* HMDeckViewController.h */ = {isa = PBXFileReference; fileEncoding = 4; lastKnownFileType = sourcecode.c.h; path = HMDeckViewController.h; sourceTree = "<group>"; };
		F4B2D02F18F83CBB00542742 /* HMDeckViewController.m */ = {isa = PBXFileReference; fileEncoding = 4; lastKnownFileType = sourcecode.c.objc; path = HMDeckViewController.m; sourceTree = "<group>"; };
		F4B2D03418F83CC800542742 /* ja */ = {isa = PBXFileReference; lastKnownFileType = file.xib; name = ja; path = ja.lproj/HMDeckViewController.xib; sourceTree = "<group>"; };
		F4B3DBC818DDB9170011B4FC /* HMCreateSlotItemCommand.h */ = {isa = PBXFileReference; fileEncoding = 4; lastKnownFileType = sourcecode.c.h; path = HMCreateSlotItemCommand.h; sourceTree = "<group>"; };
		F4B3DBC918DDB9170011B4FC /* HMCreateSlotItemCommand.m */ = {isa = PBXFileReference; fileEncoding = 4; lastKnownFileType = sourcecode.c.objc; path = HMCreateSlotItemCommand.m; sourceTree = "<group>"; };
		F4B3DC1918DEAB5E0011B4FC /* HMKaihatuHistory.h */ = {isa = PBXFileReference; fileEncoding = 4; lastKnownFileType = sourcecode.c.h; path = HMKaihatuHistory.h; sourceTree = "<group>"; };
		F4B3DC1A18DEAB5E0011B4FC /* HMKaihatuHistory.m */ = {isa = PBXFileReference; fileEncoding = 4; lastKnownFileType = sourcecode.c.objc; path = HMKaihatuHistory.m; sourceTree = "<group>"; };
		F4B3DC1C18DEB8C70011B4FC /* HMKenzoHistory.h */ = {isa = PBXFileReference; fileEncoding = 4; lastKnownFileType = sourcecode.c.h; path = HMKenzoHistory.h; sourceTree = "<group>"; };
		F4B3DC1D18DEB8C70011B4FC /* HMKenzoHistory.m */ = {isa = PBXFileReference; fileEncoding = 4; lastKnownFileType = sourcecode.c.objc; path = HMKenzoHistory.m; sourceTree = "<group>"; };
		F4B3DC1F18DECF570011B4FC /* HMTSVSupport.h */ = {isa = PBXFileReference; fileEncoding = 4; lastKnownFileType = sourcecode.c.h; path = HMTSVSupport.h; sourceTree = "<group>"; };
		F4B3DC2018DECF570011B4FC /* HMTSVSupport.m */ = {isa = PBXFileReference; fileEncoding = 4; lastKnownFileType = sourcecode.c.objc; path = HMTSVSupport.m; sourceTree = "<group>"; };
		F4B3DC2518DF2F360011B4FC /* HMKenzoMark.h */ = {isa = PBXFileReference; fileEncoding = 4; lastKnownFileType = sourcecode.c.h; path = HMKenzoMark.h; sourceTree = "<group>"; };
		F4B3DC2618DF2F360011B4FC /* HMKenzoMark.m */ = {isa = PBXFileReference; fileEncoding = 4; lastKnownFileType = sourcecode.c.objc; path = HMKenzoMark.m; sourceTree = "<group>"; };
		F4B3DC2818DF31400011B4FC /* HMCreateShipCommand.h */ = {isa = PBXFileReference; fileEncoding = 4; lastKnownFileType = sourcecode.c.h; path = HMCreateShipCommand.h; sourceTree = "<group>"; };
		F4B3DC2918DF31400011B4FC /* HMCreateShipCommand.m */ = {isa = PBXFileReference; fileEncoding = 4; lastKnownFileType = sourcecode.c.objc; path = HMCreateShipCommand.m; sourceTree = "<group>"; };
		F4B3DC2B18E07B680011B4FC /* HMHistoryWindowController.h */ = {isa = PBXFileReference; fileEncoding = 4; lastKnownFileType = sourcecode.c.h; path = HMHistoryWindowController.h; sourceTree = "<group>"; };
		F4B3DC2C18E07B680011B4FC /* HMHistoryWindowController.m */ = {isa = PBXFileReference; fileEncoding = 4; lastKnownFileType = sourcecode.c.objc; path = HMHistoryWindowController.m; sourceTree = "<group>"; };
		F4B3DC3118E5C81E0011B4FC /* ja */ = {isa = PBXFileReference; lastKnownFileType = file.xib; name = ja; path = ja.lproj/HMHistoryWindowController.xib; sourceTree = "<group>"; };
		F4B3DC3418E5C8520011B4FC /* ja */ = {isa = PBXFileReference; lastKnownFileType = file.xib; name = ja; path = ja.lproj/HMShipViewController.xib; sourceTree = "<group>"; };
		F4B3DC3718E5C8650011B4FC /* ja */ = {isa = PBXFileReference; lastKnownFileType = file.xib; name = ja; path = ja.lproj/HMShipWindowController.xib; sourceTree = "<group>"; };
		F4B3DC3A18E5C8700011B4FC /* ja */ = {isa = PBXFileReference; lastKnownFileType = file.xib; name = ja; path = ja.lproj/HMJSONViewWindowController.xib; sourceTree = "<group>"; };
		F4B3DC3D18E5C87D0011B4FC /* ja */ = {isa = PBXFileReference; lastKnownFileType = file.xib; name = ja; path = ja.lproj/HMDocksViewController.xib; sourceTree = "<group>"; };
		F4B3DC4018E5C8870011B4FC /* ja */ = {isa = PBXFileReference; lastKnownFileType = file.xib; name = ja; path = ja.lproj/HMBroserWindowController.xib; sourceTree = "<group>"; };
		F4B3DC4218E70B370011B4FC /* HMServerDataStore.h */ = {isa = PBXFileReference; fileEncoding = 4; lastKnownFileType = sourcecode.c.h; path = HMServerDataStore.h; sourceTree = "<group>"; };
		F4B3DC4318E70B370011B4FC /* HMServerDataStore.m */ = {isa = PBXFileReference; fileEncoding = 4; lastKnownFileType = sourcecode.c.objc; path = HMServerDataStore.m; sourceTree = "<group>"; };
		F4B3DC4518EEEB920011B4FC /* HMCompositMapCommand.h */ = {isa = PBXFileReference; fileEncoding = 4; lastKnownFileType = sourcecode.c.h; path = HMCompositMapCommand.h; sourceTree = "<group>"; };
		F4B3DC4618EEEB920011B4FC /* HMCompositMapCommand.m */ = {isa = PBXFileReference; fileEncoding = 4; lastKnownFileType = sourcecode.c.objc; path = HMCompositMapCommand.m; sourceTree = "<group>"; };
		F4B3DC4B18F0C8A90011B4FC /* Social.framework */ = {isa = PBXFileReference; lastKnownFileType = wrapper.framework; name = Social.framework; path = System/Library/Frameworks/Social.framework; sourceTree = SDKROOT; };
		F4B3DC4D18F0C8FF0011B4FC /* Accounts.framework */ = {isa = PBXFileReference; lastKnownFileType = wrapper.framework; name = Accounts.framework; path = System/Library/Frameworks/Accounts.framework; sourceTree = SDKROOT; };
		F4B3DC4F18F150CD0011B4FC /* HMScreenshotWindowController.h */ = {isa = PBXFileReference; fileEncoding = 4; lastKnownFileType = sourcecode.c.h; path = HMScreenshotWindowController.h; sourceTree = "<group>"; };
		F4B3DC5018F150CD0011B4FC /* HMScreenshotWindowController.m */ = {isa = PBXFileReference; fileEncoding = 4; lastKnownFileType = sourcecode.c.objc; path = HMScreenshotWindowController.m; sourceTree = "<group>"; };
		F4B414E718B09A4B00468DAF /* HMMasterMapAreaCommand.h */ = {isa = PBXFileReference; fileEncoding = 4; lastKnownFileType = sourcecode.c.h; path = HMMasterMapAreaCommand.h; sourceTree = "<group>"; };
		F4B414E818B09A4B00468DAF /* HMMasterMapAreaCommand.m */ = {isa = PBXFileReference; fileEncoding = 4; lastKnownFileType = sourcecode.c.objc; path = HMMasterMapAreaCommand.m; sourceTree = "<group>"; };
		F4B414EA18B0A7D600468DAF /* HMMasterUseItemCommand.h */ = {isa = PBXFileReference; fileEncoding = 4; lastKnownFileType = sourcecode.c.h; path = HMMasterUseItemCommand.h; sourceTree = "<group>"; };
		F4B414EB18B0A7D600468DAF /* HMMasterUseItemCommand.m */ = {isa = PBXFileReference; fileEncoding = 4; lastKnownFileType = sourcecode.c.objc; path = HMMasterUseItemCommand.m; sourceTree = "<group>"; };
		F4B414ED18B0BF1A00468DAF /* HMMasterMapInfoCommand.h */ = {isa = PBXFileReference; fileEncoding = 4; lastKnownFileType = sourcecode.c.h; path = HMMasterMapInfoCommand.h; sourceTree = "<group>"; };
		F4B414EE18B0BF1A00468DAF /* HMMasterMapInfoCommand.m */ = {isa = PBXFileReference; fileEncoding = 4; lastKnownFileType = sourcecode.c.objc; path = HMMasterMapInfoCommand.m; sourceTree = "<group>"; };
		F4B414F018B1013C00468DAF /* HMMasterSlotItemCommand.h */ = {isa = PBXFileReference; fileEncoding = 4; lastKnownFileType = sourcecode.c.h; path = HMMasterSlotItemCommand.h; sourceTree = "<group>"; };
		F4B414F118B1013C00468DAF /* HMMasterSlotItemCommand.m */ = {isa = PBXFileReference; fileEncoding = 4; lastKnownFileType = sourcecode.c.objc; path = HMMasterSlotItemCommand.m; sourceTree = "<group>"; };
		F4B414F318B1888800468DAF /* HMMasterFurnitureCommand.h */ = {isa = PBXFileReference; fileEncoding = 4; lastKnownFileType = sourcecode.c.h; path = HMMasterFurnitureCommand.h; sourceTree = "<group>"; };
		F4B414F418B1888800468DAF /* HMMasterFurnitureCommand.m */ = {isa = PBXFileReference; fileEncoding = 4; lastKnownFileType = sourcecode.c.objc; path = HMMasterFurnitureCommand.m; sourceTree = "<group>"; };
		F4B414F618B1D35800468DAF /* HMMasterMissionCommand.h */ = {isa = PBXFileReference; fileEncoding = 4; lastKnownFileType = sourcecode.c.h; path = HMMasterMissionCommand.h; sourceTree = "<group>"; };
		F4B414F718B1D35800468DAF /* HMMasterMissionCommand.m */ = {isa = PBXFileReference; fileEncoding = 4; lastKnownFileType = sourcecode.c.objc; path = HMMasterMissionCommand.m; sourceTree = "<group>"; };
		F4B414F918B1FB6C00468DAF /* HMMasterMapCellCommand.h */ = {isa = PBXFileReference; fileEncoding = 4; lastKnownFileType = sourcecode.c.h; path = HMMasterMapCellCommand.h; sourceTree = "<group>"; };
		F4B414FA18B1FB6C00468DAF /* HMMasterMapCellCommand.m */ = {isa = PBXFileReference; fileEncoding = 4; lastKnownFileType = sourcecode.c.objc; path = HMMasterMapCellCommand.m; sourceTree = "<group>"; };
		F4B414FC18B3A66200468DAF /* HMMemberNDockCommand.h */ = {isa = PBXFileReference; fileEncoding = 4; lastKnownFileType = sourcecode.c.h; path = HMMemberNDockCommand.h; sourceTree = "<group>"; };
		F4B414FD18B3A66200468DAF /* HMMemberNDockCommand.m */ = {isa = PBXFileReference; fileEncoding = 4; lastKnownFileType = sourcecode.c.objc; path = HMMemberNDockCommand.m; sourceTree = "<group>"; };
		F4BDEB43187252F30069D0CE /* KCD.app */ = {isa = PBXFileReference; explicitFileType = wrapper.application; includeInIndex = 0; path = KCD.app; sourceTree = BUILT_PRODUCTS_DIR; };
		F4BDEB46187252F30069D0CE /* Cocoa.framework */ = {isa = PBXFileReference; lastKnownFileType = wrapper.framework; name = Cocoa.framework; path = System/Library/Frameworks/Cocoa.framework; sourceTree = SDKROOT; };
		F4BDEB49187252F30069D0CE /* AppKit.framework */ = {isa = PBXFileReference; lastKnownFileType = wrapper.framework; name = AppKit.framework; path = System/Library/Frameworks/AppKit.framework; sourceTree = SDKROOT; };
		F4BDEB4A187252F30069D0CE /* CoreData.framework */ = {isa = PBXFileReference; lastKnownFileType = wrapper.framework; name = CoreData.framework; path = System/Library/Frameworks/CoreData.framework; sourceTree = SDKROOT; };
		F4BDEB4B187252F30069D0CE /* Foundation.framework */ = {isa = PBXFileReference; lastKnownFileType = wrapper.framework; name = Foundation.framework; path = System/Library/Frameworks/Foundation.framework; sourceTree = SDKROOT; };
		F4BDEB4E187252F30069D0CE /* KCD-Info.plist */ = {isa = PBXFileReference; lastKnownFileType = text.plist.xml; path = "KCD-Info.plist"; sourceTree = "<group>"; };
		F4BDEB52187252F30069D0CE /* main.m */ = {isa = PBXFileReference; lastKnownFileType = sourcecode.c.objc; path = main.m; sourceTree = "<group>"; };
		F4BDEB54187252F30069D0CE /* KCD-Prefix.pch */ = {isa = PBXFileReference; lastKnownFileType = sourcecode.c.h; path = "KCD-Prefix.pch"; sourceTree = "<group>"; };
		F4BDEB58187252F30069D0CE /* HMAppDelegate.h */ = {isa = PBXFileReference; lastKnownFileType = sourcecode.c.h; path = HMAppDelegate.h; sourceTree = "<group>"; };
		F4BDEB59187252F30069D0CE /* HMAppDelegate.m */ = {isa = PBXFileReference; lastKnownFileType = sourcecode.c.objc; path = HMAppDelegate.m; sourceTree = "<group>"; };
		F4BDEB5C187252F30069D0CE /* Base */ = {isa = PBXFileReference; lastKnownFileType = file.xib; name = Base; path = Base.lproj/MainMenu.xib; sourceTree = "<group>"; };
		F4BDEB5E187252F30069D0CE /* Images.xcassets */ = {isa = PBXFileReference; lastKnownFileType = folder.assetcatalog; path = Images.xcassets; sourceTree = "<group>"; };
		F4BDEB64187252F30069D0CE /* KCDTests.xctest */ = {isa = PBXFileReference; explicitFileType = wrapper.cfbundle; includeInIndex = 0; path = KCDTests.xctest; sourceTree = BUILT_PRODUCTS_DIR; };
		F4BDEB65187252F30069D0CE /* XCTest.framework */ = {isa = PBXFileReference; lastKnownFileType = wrapper.framework; name = XCTest.framework; path = Library/Frameworks/XCTest.framework; sourceTree = DEVELOPER_DIR; };
		F4BDEB6C187252F30069D0CE /* KCDTests-Info.plist */ = {isa = PBXFileReference; lastKnownFileType = text.plist.xml; path = "KCDTests-Info.plist"; sourceTree = "<group>"; };
		F4BDEB70187252F30069D0CE /* KCDTests.m */ = {isa = PBXFileReference; lastKnownFileType = sourcecode.c.objc; path = KCDTests.m; sourceTree = "<group>"; };
		F4BDEB7A187253130069D0CE /* WebKit.framework */ = {isa = PBXFileReference; lastKnownFileType = wrapper.framework; name = WebKit.framework; path = System/Library/Frameworks/WebKit.framework; sourceTree = SDKROOT; };
		F4BEEE9E18D211280006F70C /* ja */ = {isa = PBXFileReference; fileEncoding = 10; lastKnownFileType = text.plist.strings; name = ja; path = ja.lproj/Localizable.strings; sourceTree = "<group>"; };
		F4BEEEA118D211360006F70C /* ja */ = {isa = PBXFileReference; lastKnownFileType = text; name = ja; path = ja.lproj/Localizable.strings.sed; sourceTree = "<group>"; };
		F4BEEEA418D211500006F70C /* ja */ = {isa = PBXFileReference; lastKnownFileType = sourcecode.make; name = ja; path = ja.lproj/Makefile; sourceTree = "<group>"; };
		F4BEEEA718D323520006F70C /* Makefile */ = {isa = PBXFileReference; lastKnownFileType = sourcecode.make; path = Makefile; sourceTree = SOURCE_ROOT; };
		F4C041B91875CAF5009273EB /* JavaScriptCore.framework */ = {isa = PBXFileReference; lastKnownFileType = wrapper.framework; name = JavaScriptCore.framework; path = System/Library/Frameworks/JavaScriptCore.framework; sourceTree = SDKROOT; };
		F4C118F418A67B1C005D5B25 /* CacheStoragePolicy.h */ = {isa = PBXFileReference; fileEncoding = 4; lastKnownFileType = sourcecode.c.h; path = CacheStoragePolicy.h; sourceTree = "<group>"; };
		F4C118F518A67B1C005D5B25 /* CacheStoragePolicy.m */ = {isa = PBXFileReference; fileEncoding = 4; lastKnownFileType = sourcecode.c.objc; path = CacheStoragePolicy.m; sourceTree = "<group>"; };
		F4C118F618A67B1C005D5B25 /* CanonicalRequest.h */ = {isa = PBXFileReference; fileEncoding = 4; lastKnownFileType = sourcecode.c.h; path = CanonicalRequest.h; sourceTree = "<group>"; };
		F4C118F718A67B1C005D5B25 /* CanonicalRequest.m */ = {isa = PBXFileReference; fileEncoding = 4; lastKnownFileType = sourcecode.c.objc; path = CanonicalRequest.m; sourceTree = "<group>"; };
		F4C118F818A67B1C005D5B25 /* CustomHTTPProtocol.h */ = {isa = PBXFileReference; fileEncoding = 4; lastKnownFileType = sourcecode.c.h; path = CustomHTTPProtocol.h; sourceTree = "<group>"; };
		F4C118F918A67B1C005D5B25 /* CustomHTTPProtocol.m */ = {isa = PBXFileReference; fileEncoding = 4; lastKnownFileType = sourcecode.c.objc; path = CustomHTTPProtocol.m; sourceTree = "<group>"; };
		F4C1190018A6FFC2005D5B25 /* HMQueue.h */ = {isa = PBXFileReference; fileEncoding = 4; lastKnownFileType = sourcecode.c.h; path = HMQueue.h; sourceTree = "<group>"; };
		F4C1190118A6FFC2005D5B25 /* HMQueue.m */ = {isa = PBXFileReference; fileEncoding = 4; lastKnownFileType = sourcecode.c.objc; path = HMQueue.m; sourceTree = "<group>"; };
		F4C1190318A71AEA005D5B25 /* HMJSONReciever.h */ = {isa = PBXFileReference; fileEncoding = 4; lastKnownFileType = sourcecode.c.h; path = HMJSONReciever.h; sourceTree = "<group>"; };
		F4C1190418A71AEA005D5B25 /* HMJSONReciever.m */ = {isa = PBXFileReference; fileEncoding = 4; lastKnownFileType = sourcecode.c.objc; path = HMJSONReciever.m; sourceTree = "<group>"; };
		F4C1190618A746EB005D5B25 /* HMJSONTracker.h */ = {isa = PBXFileReference; fileEncoding = 4; lastKnownFileType = sourcecode.c.h; path = HMJSONTracker.h; sourceTree = "<group>"; };
		F4C1190718A746EB005D5B25 /* HMJSONTracker.m */ = {isa = PBXFileReference; fileEncoding = 4; lastKnownFileType = sourcecode.c.objc; path = HMJSONTracker.m; sourceTree = "<group>"; };
		F4C1190918A74DF0005D5B25 /* HMJSONCommand.h */ = {isa = PBXFileReference; fileEncoding = 4; lastKnownFileType = sourcecode.c.h; path = HMJSONCommand.h; sourceTree = "<group>"; };
		F4C1190A18A74DF0005D5B25 /* HMJSONCommand.m */ = {isa = PBXFileReference; fileEncoding = 4; lastKnownFileType = sourcecode.c.objc; path = HMJSONCommand.m; sourceTree = "<group>"; };
		F4C3957218CDDFE500A1E918 /* HMKenzoDockStatus.h */ = {isa = PBXFileReference; fileEncoding = 4; lastKnownFileType = sourcecode.c.h; path = HMKenzoDockStatus.h; sourceTree = "<group>"; };
		F4C3957318CDDFE500A1E918 /* HMKenzoDockStatus.m */ = {isa = PBXFileReference; fileEncoding = 4; lastKnownFileType = sourcecode.c.objc; path = HMKenzoDockStatus.m; sourceTree = "<group>"; };
		F4D2CBC018AD0E1A000EBC59 /* HMMasterSTypeCommand.h */ = {isa = PBXFileReference; fileEncoding = 4; lastKnownFileType = sourcecode.c.h; path = HMMasterSTypeCommand.h; sourceTree = "<group>"; };
		F4D2CBC118AD0E1A000EBC59 /* HMMasterSTypeCommand.m */ = {isa = PBXFileReference; fileEncoding = 4; lastKnownFileType = sourcecode.c.objc; path = HMMasterSTypeCommand.m; sourceTree = "<group>"; };
		F4D2CBC318AE2AE2000EBC59 /* HMCompositCommand.h */ = {isa = PBXFileReference; fileEncoding = 4; lastKnownFileType = sourcecode.c.h; path = HMCompositCommand.h; sourceTree = "<group>"; };
		F4D2CBC418AE2AE2000EBC59 /* HMCompositCommand.m */ = {isa = PBXFileReference; fileEncoding = 4; lastKnownFileType = sourcecode.c.objc; path = HMCompositCommand.m; sourceTree = "<group>"; };
		F4D2CBC618B0555A000EBC59 /* HMKCManagedObject.h */ = {isa = PBXFileReference; fileEncoding = 4; lastKnownFileType = sourcecode.c.h; path = HMKCManagedObject.h; sourceTree = "<group>"; };
		F4D2CBC718B0555A000EBC59 /* HMKCManagedObject.m */ = {isa = PBXFileReference; fileEncoding = 4; lastKnownFileType = sourcecode.c.objc; path = HMKCManagedObject.m; sourceTree = "<group>"; };
		F4D2CBC918B05E58000EBC59 /* HMMaserShipCommand.h */ = {isa = PBXFileReference; fileEncoding = 4; lastKnownFileType = sourcecode.c.h; path = HMMaserShipCommand.h; sourceTree = "<group>"; };
		F4D2CBCA18B05E58000EBC59 /* HMMaserShipCommand.m */ = {isa = PBXFileReference; fileEncoding = 4; lastKnownFileType = sourcecode.c.objc; path = HMMaserShipCommand.m; sourceTree = "<group>"; };
		F4E33B5618BF5F67005B8C07 /* HMMemberSlotItemCommand.h */ = {isa = PBXFileReference; fileEncoding = 4; lastKnownFileType = sourcecode.c.h; path = HMMemberSlotItemCommand.h; sourceTree = "<group>"; };
		F4E33B5718BF5F67005B8C07 /* HMMemberSlotItemCommand.m */ = {isa = PBXFileReference; fileEncoding = 4; lastKnownFileType = sourcecode.c.objc; path = HMMemberSlotItemCommand.m; sourceTree = "<group>"; };
		F4E7802618DBD2A00011BC4C /* HMGetShipCommand.h */ = {isa = PBXFileReference; fileEncoding = 4; lastKnownFileType = sourcecode.c.h; path = HMGetShipCommand.h; sourceTree = "<group>"; };
		F4E7802718DBD2A00011BC4C /* HMGetShipCommand.m */ = {isa = PBXFileReference; fileEncoding = 4; lastKnownFileType = sourcecode.c.objc; path = HMGetShipCommand.m; sourceTree = "<group>"; };
		F4E7802918DC3A820011BC4C /* HMLocalDataStore.h */ = {isa = PBXFileReference; fileEncoding = 4; lastKnownFileType = sourcecode.c.h; path = HMLocalDataStore.h; sourceTree = "<group>"; };
		F4E7802A18DC3A820011BC4C /* HMLocalDataStore.m */ = {isa = PBXFileReference; fileEncoding = 4; lastKnownFileType = sourcecode.c.objc; path = HMLocalDataStore.m; sourceTree = "<group>"; };
		F4E7802D18DC3AF00011BC4C /* LocalData.xcdatamodel */ = {isa = PBXFileReference; lastKnownFileType = wrapper.xcdatamodel; path = LocalData.xcdatamodel; sourceTree = "<group>"; };
		F4FCFD42191F4C1D000640A1 /* HMKenzoMarkCommand.h */ = {isa = PBXFileReference; fileEncoding = 4; lastKnownFileType = sourcecode.c.h; path = HMKenzoMarkCommand.h; sourceTree = "<group>"; };
		F4FCFD43191F4C1D000640A1 /* HMKenzoMarkCommand.m */ = {isa = PBXFileReference; fileEncoding = 4; lastKnownFileType = sourcecode.c.objc; path = HMKenzoMarkCommand.m; sourceTree = "<group>"; };
/* End PBXFileReference section */

/* Begin PBXFrameworksBuildPhase section */
		F4BDEB40187252F30069D0CE /* Frameworks */ = {
			isa = PBXFrameworksBuildPhase;
			buildActionMask = 2147483647;
			files = (
				F4B3DC4E18F0C8FF0011B4FC /* Accounts.framework in Frameworks */,
				F4B3DC4C18F0C8A90011B4FC /* Social.framework in Frameworks */,
				F4C041BA1875CAF5009273EB /* JavaScriptCore.framework in Frameworks */,
				F4BDEB7B187253130069D0CE /* WebKit.framework in Frameworks */,
				F4BDEB47187252F30069D0CE /* Cocoa.framework in Frameworks */,
			);
			runOnlyForDeploymentPostprocessing = 0;
		};
		F4BDEB61187252F30069D0CE /* Frameworks */ = {
			isa = PBXFrameworksBuildPhase;
			buildActionMask = 2147483647;
			files = (
				F4BDEB67187252F30069D0CE /* Cocoa.framework in Frameworks */,
				F4BDEB66187252F30069D0CE /* XCTest.framework in Frameworks */,
			);
			runOnlyForDeploymentPostprocessing = 0;
		};
/* End PBXFrameworksBuildPhase section */

/* Begin PBXGroup section */
		F4BDEB3A187252F30069D0CE = {
			isa = PBXGroup;
			children = (
				F4BDEB4C187252F30069D0CE /* KCD */,
				F4BDEB6A187252F30069D0CE /* KCDTests */,
				F4BDEB45187252F30069D0CE /* Frameworks */,
				F4BDEB44187252F30069D0CE /* Products */,
			);
			sourceTree = "<group>";
		};
		F4BDEB44187252F30069D0CE /* Products */ = {
			isa = PBXGroup;
			children = (
				F4BDEB43187252F30069D0CE /* KCD.app */,
				F4BDEB64187252F30069D0CE /* KCDTests.xctest */,
			);
			name = Products;
			sourceTree = "<group>";
		};
		F4BDEB45187252F30069D0CE /* Frameworks */ = {
			isa = PBXGroup;
			children = (
				F4B3DC4D18F0C8FF0011B4FC /* Accounts.framework */,
				F4B3DC4B18F0C8A90011B4FC /* Social.framework */,
				F4C041B91875CAF5009273EB /* JavaScriptCore.framework */,
				F4BDEB7A187253130069D0CE /* WebKit.framework */,
				F4BDEB46187252F30069D0CE /* Cocoa.framework */,
				F4BDEB65187252F30069D0CE /* XCTest.framework */,
				F4BDEB48187252F30069D0CE /* Other Frameworks */,
			);
			name = Frameworks;
			sourceTree = "<group>";
		};
		F4BDEB48187252F30069D0CE /* Other Frameworks */ = {
			isa = PBXGroup;
			children = (
				F4BDEB49187252F30069D0CE /* AppKit.framework */,
				F4BDEB4A187252F30069D0CE /* CoreData.framework */,
				F4BDEB4B187252F30069D0CE /* Foundation.framework */,
			);
			name = "Other Frameworks";
			sourceTree = "<group>";
		};
		F4BDEB4C187252F30069D0CE /* KCD */ = {
			isa = PBXGroup;
			children = (
				F4BDEB58187252F30069D0CE /* HMAppDelegate.h */,
				F4BDEB59187252F30069D0CE /* HMAppDelegate.m */,
				F4268007193AF4E000B2C27F /* HMUserDefaults.h */,
				F4268008193AF4E000B2C27F /* HMUserDefaults.m */,
				F4B3DC1F18DECF570011B4FC /* HMTSVSupport.h */,
				F4B3DC2018DECF570011B4FC /* HMTSVSupport.m */,
				F4131EE71911445F004F7F9A /* HMSlotItemEquipTypeTransformer.h */,
				F4131EE81911445F004F7F9A /* HMSlotItemEquipTypeTransformer.m */,
				F42680351957000200B2C27F /* HMTimerCountFormatter.h */,
				F42680361957000200B2C27F /* HMTimerCountFormatter.m */,
				F4A3AD8319B0CAB700FDBF80 /* HMPlanToShowsBoldFontTransformer.h */,
				F4A3AD8419B0CAB700FDBF80 /* HMPlanToShowsBoldFontTransformer.m */,
				F4C118F318A67B05005D5B25 /* CustomHTTPProtocol */,
				F4C1190018A6FFC2005D5B25 /* HMQueue.h */,
				F4C1190118A6FFC2005D5B25 /* HMQueue.m */,
				F4C1190318A71AEA005D5B25 /* HMJSONReciever.h */,
				F4C1190418A71AEA005D5B25 /* HMJSONReciever.m */,
				F4C1190618A746EB005D5B25 /* HMJSONTracker.h */,
				F4C1190718A746EB005D5B25 /* HMJSONTracker.m */,
				F494DC5D18C30AE100AE97E4 /* HMMissionStatus.h */,
				F494DC5E18C30AE100AE97E4 /* HMMissionStatus.m */,
				F494DC6B18CC054800AE97E4 /* HMNyukyoDockStatus.h */,
				F494DC6C18CC054800AE97E4 /* HMNyukyoDockStatus.m */,
				F4C3957218CDDFE500A1E918 /* HMKenzoDockStatus.h */,
				F4C3957318CDDFE500A1E918 /* HMKenzoDockStatus.m */,
				F4D2CBBF18ACE7D7000EBC59 /* Command */,
				F4BEEEA918D890660006F70C /* UI */,
				F4BEEEA818D88FF30006F70C /* CoreData */,
				F46F103F18A9B85E0063E503 /* HMJSONNode.h */,
				F46F104018A9B85E0063E503 /* HMJSONNode.m */,
				F4BDEB5E187252F30069D0CE /* Images.xcassets */,
				F4BDEB4D187252F30069D0CE /* Supporting Files */,
			);
			path = KCD;
			sourceTree = "<group>";
		};
		F4BDEB4D187252F30069D0CE /* Supporting Files */ = {
			isa = PBXGroup;
			children = (
				F4BEEEA718D323520006F70C /* Makefile */,
				F4BEEEA318D211500006F70C /* Makefile */,
				F4BEEEA018D211360006F70C /* Localizable.strings.sed */,
				F4BEEE9D18D211280006F70C /* Localizable.strings */,
				F4513EEF18B96C6C00073552 /* Links.rtf */,
				F4BDEB4E187252F30069D0CE /* KCD-Info.plist */,
				F4BDEB4F187252F30069D0CE /* InfoPlist.strings */,
				F4BDEB52187252F30069D0CE /* main.m */,
				F4BDEB54187252F30069D0CE /* KCD-Prefix.pch */,
				F43E67B618BE02A10087E5B6 /* STypeShortName.plist */,
				F43E67B818BE060E0087E5B6 /* LevelUpExp.plist */,
			);
			name = "Supporting Files";
			sourceTree = "<group>";
		};
		F4BDEB6A187252F30069D0CE /* KCDTests */ = {
			isa = PBXGroup;
			children = (
				F4BDEB70187252F30069D0CE /* KCDTests.m */,
				F4BDEB6B187252F30069D0CE /* Supporting Files */,
			);
			path = KCDTests;
			sourceTree = "<group>";
		};
		F4BDEB6B187252F30069D0CE /* Supporting Files */ = {
			isa = PBXGroup;
			children = (
				F4BDEB6C187252F30069D0CE /* KCDTests-Info.plist */,
				F4BDEB6D187252F30069D0CE /* InfoPlist.strings */,
			);
			name = "Supporting Files";
			sourceTree = "<group>";
		};
		F4BEEEA818D88FF30006F70C /* CoreData */ = {
			isa = PBXGroup;
			children = (
				F4513EDB18B619B600073552 /* HMCoreDataManager.h */,
				F4513EDC18B619B600073552 /* HMCoreDataManager.m */,
				F4B3DC4218E70B370011B4FC /* HMServerDataStore.h */,
				F4B3DC4318E70B370011B4FC /* HMServerDataStore.m */,
				F4E7802918DC3A820011BC4C /* HMLocalDataStore.h */,
				F4E7802A18DC3A820011BC4C /* HMLocalDataStore.m */,
				F4D2CBC618B0555A000EBC59 /* HMKCManagedObject.h */,
				F4D2CBC718B0555A000EBC59 /* HMKCManagedObject.m */,
				F46F104718ABAC910063E503 /* KCD.xcdatamodeld */,
				F42680191943EAE100B2C27F /* HMKCShipObject.h */,
				F426801A1943EAE100B2C27F /* HMKCShipObject.m */,
				F42680101943E92D00B2C27F /* HMKCShipObject+Extensions.h */,
				F42680111943E92D00B2C27F /* HMKCShipObject+Extensions.m */,
				F4E7802C18DC3AF00011BC4C /* LocalData.xcdatamodeld */,
				F4B3DC2518DF2F360011B4FC /* HMKenzoMark.h */,
				F4B3DC2618DF2F360011B4FC /* HMKenzoMark.m */,
				F4B3DC1C18DEB8C70011B4FC /* HMKenzoHistory.h */,
				F4B3DC1D18DEB8C70011B4FC /* HMKenzoHistory.m */,
				F4B3DC1918DEAB5E0011B4FC /* HMKaihatuHistory.h */,
				F4B3DC1A18DEAB5E0011B4FC /* HMKaihatuHistory.m */,
				F4AA05F9192B92C700844688 /* Temporary.xcdatamodeld */,
				F4AA05FC192B932E00844688 /* HMTemporaryDataStore.h */,
				F4AA05FD192B932E00844688 /* HMTemporaryDataStore.m */,
			);
			name = CoreData;
			sourceTree = "<group>";
		};
		F4BEEEA918D890660006F70C /* UI */ = {
			isa = PBXGroup;
			children = (
				F4BDEB5B187252F30069D0CE /* MainMenu.xib */,
				F46F104218AA50730063E503 /* HMBroserWindowController.h */,
				F46F104318AA50730063E503 /* HMBroserWindowController.m */,
				F4B3DC4118E5C8870011B4FC /* HMBroserWindowController.xib */,
				F4513EE118B635EA00073552 /* HMDocksViewController.h */,
				F4513EE218B635EA00073552 /* HMDocksViewController.m */,
				F4B3DC3E18E5C87D0011B4FC /* HMDocksViewController.xib */,
				F47B78AF18A7B42B0011386E /* HMJSONViewWindowController.h */,
				F47B78B018A7B42B0011386E /* HMJSONViewWindowController.m */,
				F4B3DC3B18E5C8700011B4FC /* HMJSONViewWindowController.xib */,
				F4513EF718BB699700073552 /* HMShipWindowController.h */,
				F4513EF818BB699700073552 /* HMShipWindowController.m */,
				F4B3DC3818E5C8650011B4FC /* HMShipWindowController.xib */,
				F494DC6018C608C100AE97E4 /* HMShipViewController.h */,
				F494DC6118C608C100AE97E4 /* HMShipViewController.m */,
				F4B3DC3518E5C8520011B4FC /* HMShipViewController.xib */,
				F494DC6518C8BA6400AE97E4 /* HMPowerUpSupportViewController.h */,
				F494DC6618C8BA6400AE97E4 /* HMPowerUpSupportViewController.m */,
				F494DC6818C8BAB900AE97E4 /* HMPowerUpSupportViewController.xib */,
				F4B3DC2B18E07B680011B4FC /* HMHistoryWindowController.h */,
				F4B3DC2C18E07B680011B4FC /* HMHistoryWindowController.m */,
				F4B3DC3218E5C81E0011B4FC /* HMHistoryWindowController.xib */,
				F4B3DC4F18F150CD0011B4FC /* HMScreenshotWindowController.h */,
				F4B3DC5018F150CD0011B4FC /* HMScreenshotWindowController.m */,
				F4B2D02D18F83A2F00542742 /* HMScreenshotWindowController.xib */,
				F4A3AD8919B9BE7A00FDBF80 /* HMMaskSelectView.h */,
				F4A3AD8A19B9BE7A00FDBF80 /* HMMaskSelectView.m */,
				F4A3AD8C19BB220000FDBF80 /* HMMaskInfomation.h */,
				F4A3AD8D19BB220000FDBF80 /* HMMaskInfomation.m */,
				F4B2D02E18F83CBB00542742 /* HMDeckViewController.h */,
				F4B2D02F18F83CBB00542742 /* HMDeckViewController.m */,
				F4B2D03518F83CC800542742 /* HMDeckViewController.xib */,
				F4B1E30319C73B6A00805879 /* HMSuppliesCell.h */,
				F4B1E30419C73B6A00805879 /* HMSuppliesCell.m */,
				F4B1E30519C73B6A00805879 /* HMSuppliesView.h */,
				F4B1E30619C73B6A00805879 /* HMSuppliesView.m */,
				F49828FA1902A226000D6BBE /* HMStrokeTextFieldCell.h */,
				F49828FB1902A226000D6BBE /* HMStrokeTextFieldCell.m */,
				F4131ED9190FEBCC004F7F9A /* HMSlotItemWindowController.h */,
				F4131EDA190FEBCC004F7F9A /* HMSlotItemWindowController.m */,
				F4131EE0190FEBDB004F7F9A /* HMSlotItemWindowController.xib */,
				F4A3AD8F19BDDD8D00FDBF80 /* HMPreferencePanelController.h */,
				F4A3AD9019BDDD8E00FDBF80 /* HMPreferencePanelController.m */,
				F4A3AD9619BDDE5500FDBF80 /* HMPreferencePanelController.xib */,
			);
			name = UI;
			sourceTree = "<group>";
		};
		F4C118F318A67B05005D5B25 /* CustomHTTPProtocol */ = {
			isa = PBXGroup;
			children = (
				F4C118F418A67B1C005D5B25 /* CacheStoragePolicy.h */,
				F4C118F518A67B1C005D5B25 /* CacheStoragePolicy.m */,
				F4C118F618A67B1C005D5B25 /* CanonicalRequest.h */,
				F4C118F718A67B1C005D5B25 /* CanonicalRequest.m */,
				F4C118F818A67B1C005D5B25 /* CustomHTTPProtocol.h */,
				F4C118F918A67B1C005D5B25 /* CustomHTTPProtocol.m */,
			);
			name = CustomHTTPProtocol;
			sourceTree = "<group>";
		};
		F4D2CBBF18ACE7D7000EBC59 /* Command */ = {
			isa = PBXGroup;
			children = (
				F4C1190918A74DF0005D5B25 /* HMJSONCommand.h */,
				F4C1190A18A74DF0005D5B25 /* HMJSONCommand.m */,
				F4D2CBC318AE2AE2000EBC59 /* HMCompositCommand.h */,
				F4D2CBC418AE2AE2000EBC59 /* HMCompositCommand.m */,
				F46F103418A7CE310063E503 /* HMJSONViewCommand.h */,
				F46F103518A7CE310063E503 /* HMJSONViewCommand.m */,
				F4B3DC4518EEEB920011B4FC /* HMCompositMapCommand.h */,
				F4B3DC4618EEEB920011B4FC /* HMCompositMapCommand.m */,
				F4D2CBC018AD0E1A000EBC59 /* HMMasterSTypeCommand.h */,
				F4D2CBC118AD0E1A000EBC59 /* HMMasterSTypeCommand.m */,
				F4D2CBC918B05E58000EBC59 /* HMMaserShipCommand.h */,
				F4D2CBCA18B05E58000EBC59 /* HMMaserShipCommand.m */,
				F4B414E718B09A4B00468DAF /* HMMasterMapAreaCommand.h */,
				F4B414E818B09A4B00468DAF /* HMMasterMapAreaCommand.m */,
				F4B414ED18B0BF1A00468DAF /* HMMasterMapInfoCommand.h */,
				F4B414EE18B0BF1A00468DAF /* HMMasterMapInfoCommand.m */,
				F4B414F918B1FB6C00468DAF /* HMMasterMapCellCommand.h */,
				F4B414FA18B1FB6C00468DAF /* HMMasterMapCellCommand.m */,
				F4B414EA18B0A7D600468DAF /* HMMasterUseItemCommand.h */,
				F4B414EB18B0A7D600468DAF /* HMMasterUseItemCommand.m */,
				F4B414F018B1013C00468DAF /* HMMasterSlotItemCommand.h */,
				F4B414F118B1013C00468DAF /* HMMasterSlotItemCommand.m */,
				F4B414F318B1888800468DAF /* HMMasterFurnitureCommand.h */,
				F4B414F418B1888800468DAF /* HMMasterFurnitureCommand.m */,
				F4B414F618B1D35800468DAF /* HMMasterMissionCommand.h */,
				F4B414F718B1D35800468DAF /* HMMasterMissionCommand.m */,
				F4131EE41910318F004F7F9A /* HMMasterSlotItemEquipTypeCommand.h */,
				F4131EE51910318F004F7F9A /* HMMasterSlotItemEquipTypeCommand.m */,
				F4B414FC18B3A66200468DAF /* HMMemberNDockCommand.h */,
				F4B414FD18B3A66200468DAF /* HMMemberNDockCommand.m */,
				F4513EE618B77A5300073552 /* HMMemberKDockCommand.h */,
				F4513EE718B77A5300073552 /* HMMemberKDockCommand.m */,
				F4513EE918B7900A00073552 /* HMMemberDeckCommand.h */,
				F4513EEA18B7900A00073552 /* HMMemberDeckCommand.m */,
				F4513EEC18B8E2F600073552 /* HMMemberMaterialCommand.h */,
				F4513EED18B8E2F600073552 /* HMMemberMaterialCommand.m */,
				F4513EF118B991F800073552 /* HMMemberBasicCommand.h */,
				F4513EF218B991F800073552 /* HMMemberBasicCommand.m */,
				F4513EF418B9F29800073552 /* HMMemberShipCommand.h */,
				F4513EF518B9F29800073552 /* HMMemberShipCommand.m */,
				F4268029194D0F4800B2C27F /* HMMemberShip2Command.h */,
				F426802A194D0F4800B2C27F /* HMMemberShip2Command.m */,
				F426802C194D0FFD00B2C27F /* HMMemberShip3Command.h */,
				F426802D194D0FFD00B2C27F /* HMMemberShip3Command.m */,
				F4E33B5618BF5F67005B8C07 /* HMMemberSlotItemCommand.h */,
				F4E33B5718BF5F67005B8C07 /* HMMemberSlotItemCommand.m */,
				F4E7802618DBD2A00011BC4C /* HMGetShipCommand.h */,
				F4E7802718DBD2A00011BC4C /* HMGetShipCommand.m */,
				F4FCFD42191F4C1D000640A1 /* HMKenzoMarkCommand.h */,
				F4FCFD43191F4C1D000640A1 /* HMKenzoMarkCommand.m */,
				F4B3DC2818DF31400011B4FC /* HMCreateShipCommand.h */,
				F4B3DC2918DF31400011B4FC /* HMCreateShipCommand.m */,
				F4B3DBC818DDB9170011B4FC /* HMCreateSlotItemCommand.h */,
				F4B3DBC918DDB9170011B4FC /* HMCreateSlotItemCommand.m */,
				F4131ECD190F5C08004F7F9A /* HMStoreCreateSlotItemHistoryCommand.h */,
				F4131ECE190F5C08004F7F9A /* HMStoreCreateSlotItemHistoryCommand.m */,
				F4131ED3190F63D8004F7F9A /* HMUpdateSlotItemCommand.h */,
				F4131ED4190F63D8004F7F9A /* HMUpdateSlotItemCommand.m */,
				F4131ED6190FA08D004F7F9A /* HMDestroyItem2Command.h */,
				F4131ED7190FA08D004F7F9A /* HMDestroyItem2Command.m */,
				F43BA49F197BE22200CFF788 /* HMDestroyShipCommand.h */,
				F43BA4A0197BE22200CFF788 /* HMDestroyShipCommand.m */,
				F43BA4A2197BE6C200CFF788 /* HMRealDestroyShipCommand.h */,
				F43BA4A3197BE6C200CFF788 /* HMRealDestroyShipCommand.m */,
				F48F7B001907D7B800E78AE1 /* HMPortCommand.h */,
				F48F7B011907D7B800E78AE1 /* HMPortCommand.m */,
				F4AA0605192E3B6200844688 /* HMMapStartCommand.h */,
				F4AA0606192E3B6200844688 /* HMMapStartCommand.m */,
				F4AA05FF192E1FE900844688 /* HMBattleCommand.h */,
				F4AA0600192E1FE900844688 /* HMBattleCommand.m */,
				F4AA060B1930E69200844688 /* HMMidnightBattleCommand.h */,
				F4AA060C1930E69200844688 /* HMMidnightBattleCommand.m */,
				F4AA060E1931869E00844688 /* HMBattleResultCommand.h */,
				F4AA060F1931869E00844688 /* HMBattleResultCommand.m */,
				F4A3AD80199F529700FDBF80 /* HMCombinedBattleCommand.h */,
				F4A3AD81199F529700FDBF80 /* HMCombinedBattleCommand.m */,
				F4AA0602192E20F500844688 /* HMCalculateDamageCommand.h */,
				F4AA0603192E20F500844688 /* HMCalculateDamageCommand.m */,
				F426802F194D1B1A00B2C27F /* HMChangeHenseiCommand.h */,
				F4268030194D1B1A00B2C27F /* HMChangeHenseiCommand.m */,
				F4268032195332A000B2C27F /* HMPowerUpCommand.h */,
				F4268033195332A000B2C27F /* HMPowerUpCommand.m */,
				F43BA4A5197CD59400CFF788 /* HMNyukyoSpeedChangeCommand.h */,
				F43BA4A6197CD59400CFF788 /* HMNyukyoSpeedChangeCommand.m */,
				F4A3AD8619B6149D00FDBF80 /* HMNyukyoStartCommand.h */,
				F4A3AD8719B6149D00FDBF80 /* HMNyukyoStartCommand.m */,
			);
			name = Command;
			sourceTree = "<group>";
		};
/* End PBXGroup section */

/* Begin PBXNativeTarget section */
		F4BDEB42187252F30069D0CE /* KCD */ = {
			isa = PBXNativeTarget;
			buildConfigurationList = F4BDEB74187252F30069D0CE /* Build configuration list for PBXNativeTarget "KCD" */;
			buildPhases = (
				F4BDEB3F187252F30069D0CE /* Sources */,
				F4BDEB40187252F30069D0CE /* Frameworks */,
				F4BDEB41187252F30069D0CE /* Resources */,
			);
			buildRules = (
			);
			dependencies = (
			);
			name = KCD;
			productName = KCD;
			productReference = F4BDEB43187252F30069D0CE /* KCD.app */;
			productType = "com.apple.product-type.application";
		};
		F4BDEB63187252F30069D0CE /* KCDTests */ = {
			isa = PBXNativeTarget;
			buildConfigurationList = F4BDEB77187252F30069D0CE /* Build configuration list for PBXNativeTarget "KCDTests" */;
			buildPhases = (
				F4BDEB60187252F30069D0CE /* Sources */,
				F4BDEB61187252F30069D0CE /* Frameworks */,
				F4BDEB62187252F30069D0CE /* Resources */,
			);
			buildRules = (
			);
			dependencies = (
				F4BDEB69187252F30069D0CE /* PBXTargetDependency */,
			);
			name = KCDTests;
			productName = KCDTests;
			productReference = F4BDEB64187252F30069D0CE /* KCDTests.xctest */;
			productType = "com.apple.product-type.bundle.unit-test";
		};
/* End PBXNativeTarget section */

/* Begin PBXProject section */
		F4BDEB3B187252F30069D0CE /* Project object */ = {
			isa = PBXProject;
			attributes = {
				CLASSPREFIX = HM;
				LastUpgradeCheck = 0510;
				ORGANIZATIONNAME = "Hori,Masaki";
				TargetAttributes = {
					F4BDEB63187252F30069D0CE = {
						TestTargetID = F4BDEB42187252F30069D0CE;
					};
				};
			};
			buildConfigurationList = F4BDEB3E187252F30069D0CE /* Build configuration list for PBXProject "KCD" */;
			compatibilityVersion = "Xcode 3.2";
			developmentRegion = English;
			hasScannedForEncodings = 0;
			knownRegions = (
				en,
				Base,
				ja,
			);
			mainGroup = F4BDEB3A187252F30069D0CE;
			productRefGroup = F4BDEB44187252F30069D0CE /* Products */;
			projectDirPath = "";
			projectRoot = "";
			targets = (
				F4BDEB42187252F30069D0CE /* KCD */,
				F4BDEB63187252F30069D0CE /* KCDTests */,
			);
		};
/* End PBXProject section */

/* Begin PBXResourcesBuildPhase section */
		F4BDEB41187252F30069D0CE /* Resources */ = {
			isa = PBXResourcesBuildPhase;
			buildActionMask = 2147483647;
			files = (
				F494DC6A18C8BAB900AE97E4 /* HMPowerUpSupportViewController.xib in Resources */,
				F4BDEB51187252F30069D0CE /* InfoPlist.strings in Resources */,
				F43E67B918BE060E0087E5B6 /* LevelUpExp.plist in Resources */,
				F4B3DC3018E5C81E0011B4FC /* HMHistoryWindowController.xib in Resources */,
				F4B2D03318F83CC800542742 /* HMDeckViewController.xib in Resources */,
				F4B3DC3618E5C8650011B4FC /* HMShipWindowController.xib in Resources */,
				F4B3DC3C18E5C87D0011B4FC /* HMDocksViewController.xib in Resources */,
				F4B2D02B18F83A2F00542742 /* HMScreenshotWindowController.xib in Resources */,
				F4B3DC3918E5C8700011B4FC /* HMJSONViewWindowController.xib in Resources */,
				F4B3DC3318E5C8520011B4FC /* HMShipViewController.xib in Resources */,
				F43E67B718BE02A10087E5B6 /* STypeShortName.plist in Resources */,
				F4BDEB5F187252F30069D0CE /* Images.xcassets in Resources */,
				F4BEEE9F18D211280006F70C /* Localizable.strings in Resources */,
				F4513EF018B96C6C00073552 /* Links.rtf in Resources */,
				F4A3AD9419BDDE5500FDBF80 /* HMPreferencePanelController.xib in Resources */,
				F4BDEB5D187252F30069D0CE /* MainMenu.xib in Resources */,
				F4B3DC3F18E5C8870011B4FC /* HMBroserWindowController.xib in Resources */,
				F4131EDE190FEBDB004F7F9A /* HMSlotItemWindowController.xib in Resources */,
			);
			runOnlyForDeploymentPostprocessing = 0;
		};
		F4BDEB62187252F30069D0CE /* Resources */ = {
			isa = PBXResourcesBuildPhase;
			buildActionMask = 2147483647;
			files = (
				F4BDEB6F187252F30069D0CE /* InfoPlist.strings in Resources */,
			);
			runOnlyForDeploymentPostprocessing = 0;
		};
/* End PBXResourcesBuildPhase section */

/* Begin PBXSourcesBuildPhase section */
		F4BDEB3F187252F30069D0CE /* Sources */ = {
			isa = PBXSourcesBuildPhase;
			buildActionMask = 2147483647;
			files = (
				F4513EE818B77A5300073552 /* HMMemberKDockCommand.m in Sources */,
				F426802B194D0F4800B2C27F /* HMMemberShip2Command.m in Sources */,
				F4AA06101931869E00844688 /* HMBattleResultCommand.m in Sources */,
				F4B3DC4418E70B370011B4FC /* HMServerDataStore.m in Sources */,
				F4AA0607192E3B6200844688 /* HMMapStartCommand.m in Sources */,
				F4AA0604192E20F500844688 /* HMCalculateDamageCommand.m in Sources */,
				F4D2CBC518AE2AE2000EBC59 /* HMCompositCommand.m in Sources */,
				F4C1190218A6FFC2005D5B25 /* HMQueue.m in Sources */,
				F4513EEB18B7900A00073552 /* HMMemberDeckCommand.m in Sources */,
				F4B3DC2A18DF31400011B4FC /* HMCreateShipCommand.m in Sources */,
				F46F103618A7CE310063E503 /* HMJSONViewCommand.m in Sources */,
				F4B3DC1E18DEB8C70011B4FC /* HMKenzoHistory.m in Sources */,
				F4B3DC5218F150CD0011B4FC /* HMScreenshotWindowController.m in Sources */,
				F426802E194D0FFD00B2C27F /* HMMemberShip3Command.m in Sources */,
				F4B414FB18B1FB6C00468DAF /* HMMasterMapCellCommand.m in Sources */,
				F4B3DC2E18E07B680011B4FC /* HMHistoryWindowController.m in Sources */,
				F4C118FA18A67B1C005D5B25 /* CacheStoragePolicy.m in Sources */,
				F4A3AD9219BDDD8E00FDBF80 /* HMPreferencePanelController.m in Sources */,
				F4B3DC2118DECF570011B4FC /* HMTSVSupport.m in Sources */,
				F4B1E30819C73B6A00805879 /* HMSuppliesCell.m in Sources */,
				F4A3AD8E19BB220000FDBF80 /* HMMaskInfomation.m in Sources */,
				F4E7802E18DC3AF00011BC4C /* LocalData.xcdatamodeld in Sources */,
				F4131ED5190F63D8004F7F9A /* HMUpdateSlotItemCommand.m in Sources */,
				F4C1190518A71AEA005D5B25 /* HMJSONReciever.m in Sources */,
				F4A3AD82199F529700FDBF80 /* HMCombinedBattleCommand.m in Sources */,
				F4AA05FE192B932E00844688 /* HMTemporaryDataStore.m in Sources */,
				F4B414F818B1D35800468DAF /* HMMasterMissionCommand.m in Sources */,
				F4E33B5818BF5F67005B8C07 /* HMMemberSlotItemCommand.m in Sources */,
				F4C1190B18A74DF0005D5B25 /* HMJSONCommand.m in Sources */,
				F4B414F518B1888800468DAF /* HMMasterFurnitureCommand.m in Sources */,
				F4AA0601192E1FE900844688 /* HMBattleCommand.m in Sources */,
				F4513EEE18B8E2F600073552 /* HMMemberMaterialCommand.m in Sources */,
				F4FCFD44191F4C1D000640A1 /* HMKenzoMarkCommand.m in Sources */,
				F4BDEB53187252F30069D0CE /* main.m in Sources */,
				F48F7B021907D7B800E78AE1 /* HMPortCommand.m in Sources */,
				F494DC5F18C30AE100AE97E4 /* HMMissionStatus.m in Sources */,
				F4268031194D1B1A00B2C27F /* HMChangeHenseiCommand.m in Sources */,
				F4513EE418B635EA00073552 /* HMDocksViewController.m in Sources */,
				F494DC6D18CC054800AE97E4 /* HMNyukyoDockStatus.m in Sources */,
				F43BA4A1197BE22200CFF788 /* HMDestroyShipCommand.m in Sources */,
				F47B78B218A7B42B0011386E /* HMJSONViewWindowController.m in Sources */,
				F4B414EF18B0BF1A00468DAF /* HMMasterMapInfoCommand.m in Sources */,
				F4C118FC18A67B1C005D5B25 /* CustomHTTPProtocol.m in Sources */,
				F4B3DC1B18DEAB5E0011B4FC /* HMKaihatuHistory.m in Sources */,
				F4131EDC190FEBCC004F7F9A /* HMSlotItemWindowController.m in Sources */,
				F4D2CBCB18B05E58000EBC59 /* HMMaserShipCommand.m in Sources */,
				F4513EFA18BB699700073552 /* HMShipWindowController.m in Sources */,
				F42680121943E92D00B2C27F /* HMKCShipObject+Extensions.m in Sources */,
				F46F104118A9B85E0063E503 /* HMJSONNode.m in Sources */,
				F426801B1943EAE100B2C27F /* HMKCShipObject.m in Sources */,
				F4131ECF190F5C08004F7F9A /* HMStoreCreateSlotItemHistoryCommand.m in Sources */,
				F4AA05FB192B92C800844688 /* Temporary.xcdatamodeld in Sources */,
				F4E7802818DBD2A00011BC4C /* HMGetShipCommand.m in Sources */,
				F4A3AD8519B0CAB700FDBF80 /* HMPlanToShowsBoldFontTransformer.m in Sources */,
				F4513EF618B9F29800073552 /* HMMemberShipCommand.m in Sources */,
				F4268034195332A000B2C27F /* HMPowerUpCommand.m in Sources */,
				F4C1190818A746EB005D5B25 /* HMJSONTracker.m in Sources */,
				F4B3DC4718EEEB920011B4FC /* HMCompositMapCommand.m in Sources */,
				F4513EDD18B619B600073552 /* HMCoreDataManager.m in Sources */,
				F4B3DBCA18DDB9170011B4FC /* HMCreateSlotItemCommand.m in Sources */,
				F4131ED8190FA08D004F7F9A /* HMDestroyItem2Command.m in Sources */,
				F4B2D03118F83CBB00542742 /* HMDeckViewController.m in Sources */,
				F4B3DC2718DF2F360011B4FC /* HMKenzoMark.m in Sources */,
				F49828FC1902A226000D6BBE /* HMStrokeTextFieldCell.m in Sources */,
				F4A3AD8B19B9BE7A00FDBF80 /* HMMaskSelectView.m in Sources */,
				F4B414E918B09A4B00468DAF /* HMMasterMapAreaCommand.m in Sources */,
				F4C3957418CDDFE500A1E918 /* HMKenzoDockStatus.m in Sources */,
				F4C118FB18A67B1C005D5B25 /* CanonicalRequest.m in Sources */,
				F4AA060D1930E69200844688 /* HMMidnightBattleCommand.m in Sources */,
				F4131EE91911445F004F7F9A /* HMSlotItemEquipTypeTransformer.m in Sources */,
				F4BDEB5A187252F30069D0CE /* HMAppDelegate.m in Sources */,
				F4E7802B18DC3A820011BC4C /* HMLocalDataStore.m in Sources */,
				F494DC6718C8BA6400AE97E4 /* HMPowerUpSupportViewController.m in Sources */,
				F43BA4A7197CD59400CFF788 /* HMNyukyoSpeedChangeCommand.m in Sources */,
				F4A3AD8819B6149D00FDBF80 /* HMNyukyoStartCommand.m in Sources */,
				F494DC6318C608C100AE97E4 /* HMShipViewController.m in Sources */,
				F46F104918ABAC910063E503 /* KCD.xcdatamodeld in Sources */,
				F4B414FE18B3A66200468DAF /* HMMemberNDockCommand.m in Sources */,
				F42680371957000200B2C27F /* HMTimerCountFormatter.m in Sources */,
				F4B414F218B1013C00468DAF /* HMMasterSlotItemCommand.m in Sources */,
				F4131EE61910318F004F7F9A /* HMMasterSlotItemEquipTypeCommand.m in Sources */,
				F4D2CBC818B0555A000EBC59 /* HMKCManagedObject.m in Sources */,
				F4D2CBC218AD0E1A000EBC59 /* HMMasterSTypeCommand.m in Sources */,
				F4B1E30919C73B6A00805879 /* HMSuppliesView.m in Sources */,
				F43BA4A4197BE6C200CFF788 /* HMRealDestroyShipCommand.m in Sources */,
				F46F104518AA50730063E503 /* HMBroserWindowController.m in Sources */,
				F4B414EC18B0A7D600468DAF /* HMMasterUseItemCommand.m in Sources */,
				F4513EF318B991F800073552 /* HMMemberBasicCommand.m in Sources */,
				F4268009193AF4E000B2C27F /* HMUserDefaults.m in Sources */,
			);
			runOnlyForDeploymentPostprocessing = 0;
		};
		F4BDEB60187252F30069D0CE /* Sources */ = {
			isa = PBXSourcesBuildPhase;
			buildActionMask = 2147483647;
			files = (
				F4BDEB71187252F30069D0CE /* KCDTests.m in Sources */,
			);
			runOnlyForDeploymentPostprocessing = 0;
		};
/* End PBXSourcesBuildPhase section */

/* Begin PBXTargetDependency section */
		F4BDEB69187252F30069D0CE /* PBXTargetDependency */ = {
			isa = PBXTargetDependency;
			target = F4BDEB42187252F30069D0CE /* KCD */;
			targetProxy = F4BDEB68187252F30069D0CE /* PBXContainerItemProxy */;
		};
/* End PBXTargetDependency section */

/* Begin PBXVariantGroup section */
		F4131EE0190FEBDB004F7F9A /* HMSlotItemWindowController.xib */ = {
			isa = PBXVariantGroup;
			children = (
				F4131EDF190FEBDB004F7F9A /* ja */,
			);
			name = HMSlotItemWindowController.xib;
			sourceTree = "<group>";
		};
		F494DC6818C8BAB900AE97E4 /* HMPowerUpSupportViewController.xib */ = {
			isa = PBXVariantGroup;
			children = (
				F494DC6918C8BAB900AE97E4 /* ja */,
			);
			name = HMPowerUpSupportViewController.xib;
			sourceTree = "<group>";
		};
		F4A3AD9619BDDE5500FDBF80 /* HMPreferencePanelController.xib */ = {
			isa = PBXVariantGroup;
			children = (
				F4A3AD9519BDDE5500FDBF80 /* ja */,
			);
			name = HMPreferencePanelController.xib;
			sourceTree = "<group>";
		};
		F4B2D02D18F83A2F00542742 /* HMScreenshotWindowController.xib */ = {
			isa = PBXVariantGroup;
			children = (
				F4B2D02C18F83A2F00542742 /* ja */,
			);
			name = HMScreenshotWindowController.xib;
			sourceTree = "<group>";
		};
		F4B2D03518F83CC800542742 /* HMDeckViewController.xib */ = {
			isa = PBXVariantGroup;
			children = (
				F4B2D03418F83CC800542742 /* ja */,
			);
			name = HMDeckViewController.xib;
			sourceTree = "<group>";
		};
		F4B3DC3218E5C81E0011B4FC /* HMHistoryWindowController.xib */ = {
			isa = PBXVariantGroup;
			children = (
				F4B3DC3118E5C81E0011B4FC /* ja */,
			);
			name = HMHistoryWindowController.xib;
			sourceTree = "<group>";
		};
		F4B3DC3518E5C8520011B4FC /* HMShipViewController.xib */ = {
			isa = PBXVariantGroup;
			children = (
				F4B3DC3418E5C8520011B4FC /* ja */,
			);
			name = HMShipViewController.xib;
			sourceTree = "<group>";
		};
		F4B3DC3818E5C8650011B4FC /* HMShipWindowController.xib */ = {
			isa = PBXVariantGroup;
			children = (
				F4B3DC3718E5C8650011B4FC /* ja */,
			);
			name = HMShipWindowController.xib;
			sourceTree = "<group>";
		};
		F4B3DC3B18E5C8700011B4FC /* HMJSONViewWindowController.xib */ = {
			isa = PBXVariantGroup;
			children = (
				F4B3DC3A18E5C8700011B4FC /* ja */,
			);
			name = HMJSONViewWindowController.xib;
			sourceTree = "<group>";
		};
		F4B3DC3E18E5C87D0011B4FC /* HMDocksViewController.xib */ = {
			isa = PBXVariantGroup;
			children = (
				F4B3DC3D18E5C87D0011B4FC /* ja */,
			);
			name = HMDocksViewController.xib;
			sourceTree = "<group>";
		};
		F4B3DC4118E5C8870011B4FC /* HMBroserWindowController.xib */ = {
			isa = PBXVariantGroup;
			children = (
				F4B3DC4018E5C8870011B4FC /* ja */,
			);
			name = HMBroserWindowController.xib;
			sourceTree = "<group>";
		};
		F4BDEB4F187252F30069D0CE /* InfoPlist.strings */ = {
			isa = PBXVariantGroup;
			children = (
				F494DC5718C23E4300AE97E4 /* ja */,
			);
			name = InfoPlist.strings;
			sourceTree = "<group>";
		};
		F4BDEB5B187252F30069D0CE /* MainMenu.xib */ = {
			isa = PBXVariantGroup;
			children = (
				F4BDEB5C187252F30069D0CE /* Base */,
				F494DC5618C23E4300AE97E4 /* ja */,
			);
			name = MainMenu.xib;
			sourceTree = "<group>";
		};
		F4BDEB6D187252F30069D0CE /* InfoPlist.strings */ = {
			isa = PBXVariantGroup;
			children = (
				F494DC5918C23E4400AE97E4 /* ja */,
			);
			name = InfoPlist.strings;
			sourceTree = "<group>";
		};
		F4BEEE9D18D211280006F70C /* Localizable.strings */ = {
			isa = PBXVariantGroup;
			children = (
				F4BEEE9E18D211280006F70C /* ja */,
			);
			name = Localizable.strings;
			sourceTree = "<group>";
		};
		F4BEEEA018D211360006F70C /* Localizable.strings.sed */ = {
			isa = PBXVariantGroup;
			children = (
				F4BEEEA118D211360006F70C /* ja */,
			);
			name = Localizable.strings.sed;
			sourceTree = "<group>";
		};
		F4BEEEA318D211500006F70C /* Makefile */ = {
			isa = PBXVariantGroup;
			children = (
				F4BEEEA418D211500006F70C /* ja */,
			);
			name = Makefile;
			sourceTree = "<group>";
		};
/* End PBXVariantGroup section */

/* Begin XCBuildConfiguration section */
		F4BDEB72187252F30069D0CE /* Debug */ = {
			isa = XCBuildConfiguration;
			buildSettings = {
				ALWAYS_SEARCH_USER_PATHS = NO;
				CLANG_CXX_LANGUAGE_STANDARD = "gnu++0x";
				CLANG_CXX_LIBRARY = "libc++";
				CLANG_ENABLE_OBJC_ARC = YES;
				CLANG_WARN_BOOL_CONVERSION = YES;
				CLANG_WARN_CONSTANT_CONVERSION = YES;
				CLANG_WARN_DIRECT_OBJC_ISA_USAGE = YES_ERROR;
				CLANG_WARN_EMPTY_BODY = YES;
				CLANG_WARN_ENUM_CONVERSION = YES;
				CLANG_WARN_INT_CONVERSION = YES;
				CLANG_WARN_OBJC_ROOT_CLASS = YES_ERROR;
				CLANG_WARN__DUPLICATE_METHOD_MATCH = YES;
				COPY_PHASE_STRIP = NO;
				GCC_C_LANGUAGE_STANDARD = gnu99;
				GCC_DYNAMIC_NO_PIC = NO;
				GCC_ENABLE_OBJC_EXCEPTIONS = YES;
				GCC_OPTIMIZATION_LEVEL = 0;
				GCC_PREPROCESSOR_DEFINITIONS = (
					"DEBUG=1",
					"$(inherited)",
				);
				GCC_SYMBOLS_PRIVATE_EXTERN = NO;
				GCC_WARN_64_TO_32_BIT_CONVERSION = YES;
				GCC_WARN_ABOUT_RETURN_TYPE = YES_ERROR;
				GCC_WARN_UNDECLARED_SELECTOR = YES;
				GCC_WARN_UNINITIALIZED_AUTOS = YES;
				GCC_WARN_UNUSED_FUNCTION = YES;
				GCC_WARN_UNUSED_VARIABLE = YES;
				MACOSX_DEPLOYMENT_TARGET = 10.8;
				ONLY_ACTIVE_ARCH = YES;
				SDKROOT = macosx;
			};
			name = Debug;
		};
		F4BDEB73187252F30069D0CE /* Release */ = {
			isa = XCBuildConfiguration;
			buildSettings = {
				ALWAYS_SEARCH_USER_PATHS = NO;
				CLANG_CXX_LANGUAGE_STANDARD = "gnu++0x";
				CLANG_CXX_LIBRARY = "libc++";
				CLANG_ENABLE_OBJC_ARC = YES;
				CLANG_WARN_BOOL_CONVERSION = YES;
				CLANG_WARN_CONSTANT_CONVERSION = YES;
				CLANG_WARN_DIRECT_OBJC_ISA_USAGE = YES_ERROR;
				CLANG_WARN_EMPTY_BODY = YES;
				CLANG_WARN_ENUM_CONVERSION = YES;
				CLANG_WARN_INT_CONVERSION = YES;
				CLANG_WARN_OBJC_ROOT_CLASS = YES_ERROR;
				CLANG_WARN__DUPLICATE_METHOD_MATCH = YES;
				COPY_PHASE_STRIP = YES;
				DEBUG_INFORMATION_FORMAT = "dwarf-with-dsym";
				ENABLE_NS_ASSERTIONS = NO;
				GCC_C_LANGUAGE_STANDARD = gnu99;
				GCC_ENABLE_OBJC_EXCEPTIONS = YES;
				GCC_WARN_64_TO_32_BIT_CONVERSION = YES;
				GCC_WARN_ABOUT_RETURN_TYPE = YES_ERROR;
				GCC_WARN_UNDECLARED_SELECTOR = YES;
				GCC_WARN_UNINITIALIZED_AUTOS = YES;
				GCC_WARN_UNUSED_FUNCTION = YES;
				GCC_WARN_UNUSED_VARIABLE = YES;
				MACOSX_DEPLOYMENT_TARGET = 10.8;
				SDKROOT = macosx;
			};
			name = Release;
		};
		F4BDEB75187252F30069D0CE /* Debug */ = {
			isa = XCBuildConfiguration;
			buildSettings = {
				ASSETCATALOG_COMPILER_APPICON_NAME = AppIcon;
				COMBINE_HIDPI_IMAGES = YES;
				GCC_PRECOMPILE_PREFIX_HEADER = YES;
				GCC_PREFIX_HEADER = "KCD/KCD-Prefix.pch";
				GCC_PREPROCESSOR_DEFINITIONS = (
					"$(inherited)",
					"ENABLE_JSON_LOG=1",
					"ENABLE_JSON_LOG_HANDLED_API=1",
					"COREDATA_STORE_TYPE=0",
				);
				INFOPLIST_FILE = "KCD/KCD-Info.plist";
				MACOSX_DEPLOYMENT_TARGET = 10.9;
				PRODUCT_NAME = "$(TARGET_NAME)";
				WRAPPER_EXTENSION = app;
			};
			name = Debug;
		};
		F4BDEB76187252F30069D0CE /* Release */ = {
			isa = XCBuildConfiguration;
			buildSettings = {
				ASSETCATALOG_COMPILER_APPICON_NAME = AppIcon;
				COMBINE_HIDPI_IMAGES = YES;
				GCC_PRECOMPILE_PREFIX_HEADER = YES;
				GCC_PREFIX_HEADER = "KCD/KCD-Prefix.pch";
				GCC_PREPROCESSOR_DEFINITIONS = "COREDATA_STORE_TYPE=0";
				INFOPLIST_FILE = "KCD/KCD-Info.plist";
				MACOSX_DEPLOYMENT_TARGET = 10.9;
				PRODUCT_NAME = "$(TARGET_NAME)";
				WRAPPER_EXTENSION = app;
			};
			name = Release;
		};
		F4BDEB78187252F30069D0CE /* Debug */ = {
			isa = XCBuildConfiguration;
			buildSettings = {
				BUNDLE_LOADER = "$(BUILT_PRODUCTS_DIR)/KCD.app/Contents/MacOS/KCD";
				COMBINE_HIDPI_IMAGES = YES;
				FRAMEWORK_SEARCH_PATHS = (
					"$(DEVELOPER_FRAMEWORKS_DIR)",
					"$(inherited)",
				);
				GCC_PRECOMPILE_PREFIX_HEADER = YES;
				GCC_PREFIX_HEADER = "KCD/KCD-Prefix.pch";
				GCC_PREPROCESSOR_DEFINITIONS = (
					"DEBUG=1",
					"$(inherited)",
				);
				INFOPLIST_FILE = "KCDTests/KCDTests-Info.plist";
				PRODUCT_NAME = "$(TARGET_NAME)";
				TEST_HOST = "$(BUNDLE_LOADER)";
				WRAPPER_EXTENSION = xctest;
			};
			name = Debug;
		};
		F4BDEB79187252F30069D0CE /* Release */ = {
			isa = XCBuildConfiguration;
			buildSettings = {
				BUNDLE_LOADER = "$(BUILT_PRODUCTS_DIR)/KCD.app/Contents/MacOS/KCD";
				COMBINE_HIDPI_IMAGES = YES;
				FRAMEWORK_SEARCH_PATHS = (
					"$(DEVELOPER_FRAMEWORKS_DIR)",
					"$(inherited)",
				);
				GCC_PRECOMPILE_PREFIX_HEADER = YES;
				GCC_PREFIX_HEADER = "KCD/KCD-Prefix.pch";
				INFOPLIST_FILE = "KCDTests/KCDTests-Info.plist";
				PRODUCT_NAME = "$(TARGET_NAME)";
				TEST_HOST = "$(BUNDLE_LOADER)";
				WRAPPER_EXTENSION = xctest;
			};
			name = Release;
		};
/* End XCBuildConfiguration section */

/* Begin XCConfigurationList section */
		F4BDEB3E187252F30069D0CE /* Build configuration list for PBXProject "KCD" */ = {
			isa = XCConfigurationList;
			buildConfigurations = (
				F4BDEB72187252F30069D0CE /* Debug */,
				F4BDEB73187252F30069D0CE /* Release */,
			);
			defaultConfigurationIsVisible = 0;
			defaultConfigurationName = Release;
		};
		F4BDEB74187252F30069D0CE /* Build configuration list for PBXNativeTarget "KCD" */ = {
			isa = XCConfigurationList;
			buildConfigurations = (
				F4BDEB75187252F30069D0CE /* Debug */,
				F4BDEB76187252F30069D0CE /* Release */,
			);
			defaultConfigurationIsVisible = 0;
			defaultConfigurationName = Release;
		};
		F4BDEB77187252F30069D0CE /* Build configuration list for PBXNativeTarget "KCDTests" */ = {
			isa = XCConfigurationList;
			buildConfigurations = (
				F4BDEB78187252F30069D0CE /* Debug */,
				F4BDEB79187252F30069D0CE /* Release */,
			);
			defaultConfigurationIsVisible = 0;
			defaultConfigurationName = Release;
		};
/* End XCConfigurationList section */

/* Begin XCVersionGroup section */
		F46F104718ABAC910063E503 /* KCD.xcdatamodeld */ = {
			isa = XCVersionGroup;
			children = (
				F46F104818ABAC910063E503 /* KCD.xcdatamodel */,
			);
			currentVersion = F46F104818ABAC910063E503 /* KCD.xcdatamodel */;
			path = KCD.xcdatamodeld;
			sourceTree = "<group>";
			versionGroupType = wrapper.xcdatamodel;
		};
		F4AA05F9192B92C700844688 /* Temporary.xcdatamodeld */ = {
			isa = XCVersionGroup;
			children = (
				F4AA05FA192B92C800844688 /* Temporary.xcdatamodel */,
			);
			currentVersion = F4AA05FA192B92C800844688 /* Temporary.xcdatamodel */;
			path = Temporary.xcdatamodeld;
			sourceTree = "<group>";
			versionGroupType = wrapper.xcdatamodel;
		};
		F4E7802C18DC3AF00011BC4C /* LocalData.xcdatamodeld */ = {
			isa = XCVersionGroup;
			children = (
				F4E7802D18DC3AF00011BC4C /* LocalData.xcdatamodel */,
			);
			currentVersion = F4E7802D18DC3AF00011BC4C /* LocalData.xcdatamodel */;
			path = LocalData.xcdatamodeld;
			sourceTree = "<group>";
			versionGroupType = wrapper.xcdatamodel;
		};
/* End XCVersionGroup section */
	};
	rootObject = F4BDEB3B187252F30069D0CE /* Project object */;
}
