// !$*UTF8*$!
{
	archiveVersion = 1;
	classes = {
	};
	objectVersion = 46;
	objects = {

/* Begin PBXBuildFile section */
		F4513EDD18B619B600073552 /* HMCoreDataManager.m in Sources */ = {isa = PBXBuildFile; fileRef = F4513EDC18B619B600073552 /* HMCoreDataManager.m */; };
		F4513EE418B635EA00073552 /* HMDocksViewController.m in Sources */ = {isa = PBXBuildFile; fileRef = F4513EE218B635EA00073552 /* HMDocksViewController.m */; };
		F4513EE518B635EA00073552 /* HMDocksViewController.xib in Resources */ = {isa = PBXBuildFile; fileRef = F4513EE318B635EA00073552 /* HMDocksViewController.xib */; };
		F4513EE818B77A5300073552 /* HMMemberKDockCommand.m in Sources */ = {isa = PBXBuildFile; fileRef = F4513EE718B77A5300073552 /* HMMemberKDockCommand.m */; };
		F4513EEB18B7900A00073552 /* HMMemberDeckCommand.m in Sources */ = {isa = PBXBuildFile; fileRef = F4513EEA18B7900A00073552 /* HMMemberDeckCommand.m */; };
		F4513EEE18B8E2F600073552 /* HMMemberMaterialCommand.m in Sources */ = {isa = PBXBuildFile; fileRef = F4513EED18B8E2F600073552 /* HMMemberMaterialCommand.m */; };
		F4513EF018B96C6C00073552 /* Links.rtf in Resources */ = {isa = PBXBuildFile; fileRef = F4513EEF18B96C6C00073552 /* Links.rtf */; };
		F4513EF318B991F800073552 /* HMMemberBasicCommand.m in Sources */ = {isa = PBXBuildFile; fileRef = F4513EF218B991F800073552 /* HMMemberBasicCommand.m */; };
		F4513EF618B9F29800073552 /* HMMemberShipCommand.m in Sources */ = {isa = PBXBuildFile; fileRef = F4513EF518B9F29800073552 /* HMMemberShipCommand.m */; };
		F4513EFA18BB699700073552 /* HMShipWindowController.m in Sources */ = {isa = PBXBuildFile; fileRef = F4513EF818BB699700073552 /* HMShipWindowController.m */; };
		F4513EFB18BB699700073552 /* HMShipWindowController.xib in Resources */ = {isa = PBXBuildFile; fileRef = F4513EF918BB699700073552 /* HMShipWindowController.xib */; };
		F4513EFE18BB6B0C00073552 /* HMKCShipObject.m in Sources */ = {isa = PBXBuildFile; fileRef = F4513EFD18BB6B0C00073552 /* HMKCShipObject.m */; };
		F46F103618A7CE310063E503 /* HMJSONViewCommand.m in Sources */ = {isa = PBXBuildFile; fileRef = F46F103518A7CE310063E503 /* HMJSONViewCommand.m */; };
		F46F104118A9B85E0063E503 /* HMJSONNode.m in Sources */ = {isa = PBXBuildFile; fileRef = F46F104018A9B85E0063E503 /* HMJSONNode.m */; };
		F46F104518AA50730063E503 /* HMBroserWindowController.m in Sources */ = {isa = PBXBuildFile; fileRef = F46F104318AA50730063E503 /* HMBroserWindowController.m */; };
		F46F104618AA50730063E503 /* HMBroserWindowController.xib in Resources */ = {isa = PBXBuildFile; fileRef = F46F104418AA50730063E503 /* HMBroserWindowController.xib */; };
		F46F104918ABAC910063E503 /* KCD.xcdatamodeld in Sources */ = {isa = PBXBuildFile; fileRef = F46F104718ABAC910063E503 /* KCD.xcdatamodeld */; };
		F47B78B218A7B42B0011386E /* HMJSONViewWindowController.m in Sources */ = {isa = PBXBuildFile; fileRef = F47B78B018A7B42B0011386E /* HMJSONViewWindowController.m */; };
		F47B78B318A7B42B0011386E /* HMJSONViewWindowController.xib in Resources */ = {isa = PBXBuildFile; fileRef = F47B78B118A7B42B0011386E /* HMJSONViewWindowController.xib */; };
		F4B414E918B09A4B00468DAF /* HMMasterMapAreaCommand.m in Sources */ = {isa = PBXBuildFile; fileRef = F4B414E818B09A4B00468DAF /* HMMasterMapAreaCommand.m */; };
		F4B414EC18B0A7D600468DAF /* HMMasterUseItemCommand.m in Sources */ = {isa = PBXBuildFile; fileRef = F4B414EB18B0A7D600468DAF /* HMMasterUseItemCommand.m */; };
		F4B414EF18B0BF1A00468DAF /* HMMasterMapInfoCommand.m in Sources */ = {isa = PBXBuildFile; fileRef = F4B414EE18B0BF1A00468DAF /* HMMasterMapInfoCommand.m */; };
		F4B414F218B1013C00468DAF /* HMMasterSlotItemCommand.m in Sources */ = {isa = PBXBuildFile; fileRef = F4B414F118B1013C00468DAF /* HMMasterSlotItemCommand.m */; };
		F4B414F518B1888800468DAF /* HMMasterFurnitureCommand.m in Sources */ = {isa = PBXBuildFile; fileRef = F4B414F418B1888800468DAF /* HMMasterFurnitureCommand.m */; };
		F4B414F818B1D35800468DAF /* HMMasterMissionCommand.m in Sources */ = {isa = PBXBuildFile; fileRef = F4B414F718B1D35800468DAF /* HMMasterMissionCommand.m */; };
		F4B414FB18B1FB6C00468DAF /* HMMasterMapCellCommand.m in Sources */ = {isa = PBXBuildFile; fileRef = F4B414FA18B1FB6C00468DAF /* HMMasterMapCellCommand.m */; };
		F4B414FE18B3A66200468DAF /* HMMemberNDockCommand.m in Sources */ = {isa = PBXBuildFile; fileRef = F4B414FD18B3A66200468DAF /* HMMemberNDockCommand.m */; };
		F4BDEB47187252F30069D0CE /* Cocoa.framework in Frameworks */ = {isa = PBXBuildFile; fileRef = F4BDEB46187252F30069D0CE /* Cocoa.framework */; };
		F4BDEB51187252F30069D0CE /* InfoPlist.strings in Resources */ = {isa = PBXBuildFile; fileRef = F4BDEB4F187252F30069D0CE /* InfoPlist.strings */; };
		F4BDEB53187252F30069D0CE /* main.m in Sources */ = {isa = PBXBuildFile; fileRef = F4BDEB52187252F30069D0CE /* main.m */; };
		F4BDEB57187252F30069D0CE /* Credits.rtf in Resources */ = {isa = PBXBuildFile; fileRef = F4BDEB55187252F30069D0CE /* Credits.rtf */; };
		F4BDEB5A187252F30069D0CE /* HMAppDelegate.m in Sources */ = {isa = PBXBuildFile; fileRef = F4BDEB59187252F30069D0CE /* HMAppDelegate.m */; };
		F4BDEB5D187252F30069D0CE /* MainMenu.xib in Resources */ = {isa = PBXBuildFile; fileRef = F4BDEB5B187252F30069D0CE /* MainMenu.xib */; };
		F4BDEB5F187252F30069D0CE /* Images.xcassets in Resources */ = {isa = PBXBuildFile; fileRef = F4BDEB5E187252F30069D0CE /* Images.xcassets */; };
		F4BDEB66187252F30069D0CE /* XCTest.framework in Frameworks */ = {isa = PBXBuildFile; fileRef = F4BDEB65187252F30069D0CE /* XCTest.framework */; };
		F4BDEB67187252F30069D0CE /* Cocoa.framework in Frameworks */ = {isa = PBXBuildFile; fileRef = F4BDEB46187252F30069D0CE /* Cocoa.framework */; };
		F4BDEB6F187252F30069D0CE /* InfoPlist.strings in Resources */ = {isa = PBXBuildFile; fileRef = F4BDEB6D187252F30069D0CE /* InfoPlist.strings */; };
		F4BDEB71187252F30069D0CE /* KCDTests.m in Sources */ = {isa = PBXBuildFile; fileRef = F4BDEB70187252F30069D0CE /* KCDTests.m */; };
		F4BDEB7B187253130069D0CE /* WebKit.framework in Frameworks */ = {isa = PBXBuildFile; fileRef = F4BDEB7A187253130069D0CE /* WebKit.framework */; };
		F4C041BA1875CAF5009273EB /* JavaScriptCore.framework in Frameworks */ = {isa = PBXBuildFile; fileRef = F4C041B91875CAF5009273EB /* JavaScriptCore.framework */; };
		F4C118FA18A67B1C005D5B25 /* CacheStoragePolicy.m in Sources */ = {isa = PBXBuildFile; fileRef = F4C118F518A67B1C005D5B25 /* CacheStoragePolicy.m */; };
		F4C118FB18A67B1C005D5B25 /* CanonicalRequest.m in Sources */ = {isa = PBXBuildFile; fileRef = F4C118F718A67B1C005D5B25 /* CanonicalRequest.m */; };
		F4C118FC18A67B1C005D5B25 /* CustomHTTPProtocol.m in Sources */ = {isa = PBXBuildFile; fileRef = F4C118F918A67B1C005D5B25 /* CustomHTTPProtocol.m */; };
		F4C1190218A6FFC2005D5B25 /* HMQueue.m in Sources */ = {isa = PBXBuildFile; fileRef = F4C1190118A6FFC2005D5B25 /* HMQueue.m */; };
		F4C1190518A71AEA005D5B25 /* HMJSONReciever.m in Sources */ = {isa = PBXBuildFile; fileRef = F4C1190418A71AEA005D5B25 /* HMJSONReciever.m */; };
		F4C1190818A746EB005D5B25 /* HMJSONTracker.m in Sources */ = {isa = PBXBuildFile; fileRef = F4C1190718A746EB005D5B25 /* HMJSONTracker.m */; };
		F4C1190B18A74DF0005D5B25 /* HMJSONCommand.m in Sources */ = {isa = PBXBuildFile; fileRef = F4C1190A18A74DF0005D5B25 /* HMJSONCommand.m */; };
		F4D2CBC218AD0E1A000EBC59 /* HMMasterSTypeCommand.m in Sources */ = {isa = PBXBuildFile; fileRef = F4D2CBC118AD0E1A000EBC59 /* HMMasterSTypeCommand.m */; };
		F4D2CBC518AE2AE2000EBC59 /* HMCompositCommand.m in Sources */ = {isa = PBXBuildFile; fileRef = F4D2CBC418AE2AE2000EBC59 /* HMCompositCommand.m */; };
		F4D2CBC818B0555A000EBC59 /* HMKCManagedObject.m in Sources */ = {isa = PBXBuildFile; fileRef = F4D2CBC718B0555A000EBC59 /* HMKCManagedObject.m */; };
		F4D2CBCB18B05E58000EBC59 /* HMMaserShipCommand.m in Sources */ = {isa = PBXBuildFile; fileRef = F4D2CBCA18B05E58000EBC59 /* HMMaserShipCommand.m */; };
/* End PBXBuildFile section */

/* Begin PBXContainerItemProxy section */
		F4BDEB68187252F30069D0CE /* PBXContainerItemProxy */ = {
			isa = PBXContainerItemProxy;
			containerPortal = F4BDEB3B187252F30069D0CE /* Project object */;
			proxyType = 1;
			remoteGlobalIDString = F4BDEB42187252F30069D0CE;
			remoteInfo = KCD;
		};
/* End PBXContainerItemProxy section */

/* Begin PBXFileReference section */
		F4513EDB18B619B600073552 /* HMCoreDataManager.h */ = {isa = PBXFileReference; fileEncoding = 4; lastKnownFileType = sourcecode.c.h; path = HMCoreDataManager.h; sourceTree = "<group>"; };
		F4513EDC18B619B600073552 /* HMCoreDataManager.m */ = {isa = PBXFileReference; fileEncoding = 4; lastKnownFileType = sourcecode.c.objc; path = HMCoreDataManager.m; sourceTree = "<group>"; };
		F4513EE118B635EA00073552 /* HMDocksViewController.h */ = {isa = PBXFileReference; fileEncoding = 4; lastKnownFileType = sourcecode.c.h; path = HMDocksViewController.h; sourceTree = "<group>"; };
		F4513EE218B635EA00073552 /* HMDocksViewController.m */ = {isa = PBXFileReference; fileEncoding = 4; lastKnownFileType = sourcecode.c.objc; path = HMDocksViewController.m; sourceTree = "<group>"; };
		F4513EE318B635EA00073552 /* HMDocksViewController.xib */ = {isa = PBXFileReference; fileEncoding = 4; lastKnownFileType = file.xib; path = HMDocksViewController.xib; sourceTree = "<group>"; };
		F4513EE618B77A5300073552 /* HMMemberKDockCommand.h */ = {isa = PBXFileReference; fileEncoding = 4; lastKnownFileType = sourcecode.c.h; path = HMMemberKDockCommand.h; sourceTree = "<group>"; };
		F4513EE718B77A5300073552 /* HMMemberKDockCommand.m */ = {isa = PBXFileReference; fileEncoding = 4; lastKnownFileType = sourcecode.c.objc; path = HMMemberKDockCommand.m; sourceTree = "<group>"; };
		F4513EE918B7900A00073552 /* HMMemberDeckCommand.h */ = {isa = PBXFileReference; fileEncoding = 4; lastKnownFileType = sourcecode.c.h; path = HMMemberDeckCommand.h; sourceTree = "<group>"; };
		F4513EEA18B7900A00073552 /* HMMemberDeckCommand.m */ = {isa = PBXFileReference; fileEncoding = 4; lastKnownFileType = sourcecode.c.objc; path = HMMemberDeckCommand.m; sourceTree = "<group>"; };
		F4513EEC18B8E2F600073552 /* HMMemberMaterialCommand.h */ = {isa = PBXFileReference; fileEncoding = 4; lastKnownFileType = sourcecode.c.h; path = HMMemberMaterialCommand.h; sourceTree = "<group>"; };
		F4513EED18B8E2F600073552 /* HMMemberMaterialCommand.m */ = {isa = PBXFileReference; fileEncoding = 4; lastKnownFileType = sourcecode.c.objc; path = HMMemberMaterialCommand.m; sourceTree = "<group>"; };
		F4513EEF18B96C6C00073552 /* Links.rtf */ = {isa = PBXFileReference; fileEncoding = 4; lastKnownFileType = text.rtf; path = Links.rtf; sourceTree = "<group>"; };
		F4513EF118B991F800073552 /* HMMemberBasicCommand.h */ = {isa = PBXFileReference; fileEncoding = 4; lastKnownFileType = sourcecode.c.h; path = HMMemberBasicCommand.h; sourceTree = "<group>"; };
		F4513EF218B991F800073552 /* HMMemberBasicCommand.m */ = {isa = PBXFileReference; fileEncoding = 4; lastKnownFileType = sourcecode.c.objc; path = HMMemberBasicCommand.m; sourceTree = "<group>"; };
		F4513EF418B9F29800073552 /* HMMemberShipCommand.h */ = {isa = PBXFileReference; fileEncoding = 4; lastKnownFileType = sourcecode.c.h; path = HMMemberShipCommand.h; sourceTree = "<group>"; };
		F4513EF518B9F29800073552 /* HMMemberShipCommand.m */ = {isa = PBXFileReference; fileEncoding = 4; lastKnownFileType = sourcecode.c.objc; path = HMMemberShipCommand.m; sourceTree = "<group>"; };
		F4513EF718BB699700073552 /* HMShipWindowController.h */ = {isa = PBXFileReference; fileEncoding = 4; lastKnownFileType = sourcecode.c.h; path = HMShipWindowController.h; sourceTree = "<group>"; };
		F4513EF818BB699700073552 /* HMShipWindowController.m */ = {isa = PBXFileReference; fileEncoding = 4; lastKnownFileType = sourcecode.c.objc; path = HMShipWindowController.m; sourceTree = "<group>"; };
		F4513EF918BB699700073552 /* HMShipWindowController.xib */ = {isa = PBXFileReference; fileEncoding = 4; lastKnownFileType = file.xib; path = HMShipWindowController.xib; sourceTree = "<group>"; };
		F4513EFC18BB6B0C00073552 /* HMKCShipObject.h */ = {isa = PBXFileReference; fileEncoding = 4; lastKnownFileType = sourcecode.c.h; path = HMKCShipObject.h; sourceTree = "<group>"; };
		F4513EFD18BB6B0C00073552 /* HMKCShipObject.m */ = {isa = PBXFileReference; fileEncoding = 4; lastKnownFileType = sourcecode.c.objc; path = HMKCShipObject.m; sourceTree = "<group>"; };
		F46F103418A7CE310063E503 /* HMJSONViewCommand.h */ = {isa = PBXFileReference; fileEncoding = 4; lastKnownFileType = sourcecode.c.h; path = HMJSONViewCommand.h; sourceTree = "<group>"; };
		F46F103518A7CE310063E503 /* HMJSONViewCommand.m */ = {isa = PBXFileReference; fileEncoding = 4; lastKnownFileType = sourcecode.c.objc; path = HMJSONViewCommand.m; sourceTree = "<group>"; };
		F46F103F18A9B85E0063E503 /* HMJSONNode.h */ = {isa = PBXFileReference; fileEncoding = 4; lastKnownFileType = sourcecode.c.h; path = HMJSONNode.h; sourceTree = "<group>"; };
		F46F104018A9B85E0063E503 /* HMJSONNode.m */ = {isa = PBXFileReference; fileEncoding = 4; lastKnownFileType = sourcecode.c.objc; path = HMJSONNode.m; sourceTree = "<group>"; };
		F46F104218AA50730063E503 /* HMBroserWindowController.h */ = {isa = PBXFileReference; fileEncoding = 4; lastKnownFileType = sourcecode.c.h; path = HMBroserWindowController.h; sourceTree = "<group>"; };
		F46F104318AA50730063E503 /* HMBroserWindowController.m */ = {isa = PBXFileReference; fileEncoding = 4; lastKnownFileType = sourcecode.c.objc; path = HMBroserWindowController.m; sourceTree = "<group>"; };
		F46F104418AA50730063E503 /* HMBroserWindowController.xib */ = {isa = PBXFileReference; fileEncoding = 4; lastKnownFileType = file.xib; path = HMBroserWindowController.xib; sourceTree = "<group>"; };
		F46F104818ABAC910063E503 /* KCD.xcdatamodel */ = {isa = PBXFileReference; lastKnownFileType = wrapper.xcdatamodel; path = KCD.xcdatamodel; sourceTree = "<group>"; };
		F47B78AF18A7B42B0011386E /* HMJSONViewWindowController.h */ = {isa = PBXFileReference; fileEncoding = 4; lastKnownFileType = sourcecode.c.h; path = HMJSONViewWindowController.h; sourceTree = "<group>"; };
		F47B78B018A7B42B0011386E /* HMJSONViewWindowController.m */ = {isa = PBXFileReference; fileEncoding = 4; lastKnownFileType = sourcecode.c.objc; path = HMJSONViewWindowController.m; sourceTree = "<group>"; };
		F47B78B118A7B42B0011386E /* HMJSONViewWindowController.xib */ = {isa = PBXFileReference; fileEncoding = 4; lastKnownFileType = file.xib; path = HMJSONViewWindowController.xib; sourceTree = "<group>"; };
		F4B414E718B09A4B00468DAF /* HMMasterMapAreaCommand.h */ = {isa = PBXFileReference; fileEncoding = 4; lastKnownFileType = sourcecode.c.h; path = HMMasterMapAreaCommand.h; sourceTree = "<group>"; };
		F4B414E818B09A4B00468DAF /* HMMasterMapAreaCommand.m */ = {isa = PBXFileReference; fileEncoding = 4; lastKnownFileType = sourcecode.c.objc; path = HMMasterMapAreaCommand.m; sourceTree = "<group>"; };
		F4B414EA18B0A7D600468DAF /* HMMasterUseItemCommand.h */ = {isa = PBXFileReference; fileEncoding = 4; lastKnownFileType = sourcecode.c.h; path = HMMasterUseItemCommand.h; sourceTree = "<group>"; };
		F4B414EB18B0A7D600468DAF /* HMMasterUseItemCommand.m */ = {isa = PBXFileReference; fileEncoding = 4; lastKnownFileType = sourcecode.c.objc; path = HMMasterUseItemCommand.m; sourceTree = "<group>"; };
		F4B414ED18B0BF1A00468DAF /* HMMasterMapInfoCommand.h */ = {isa = PBXFileReference; fileEncoding = 4; lastKnownFileType = sourcecode.c.h; path = HMMasterMapInfoCommand.h; sourceTree = "<group>"; };
		F4B414EE18B0BF1A00468DAF /* HMMasterMapInfoCommand.m */ = {isa = PBXFileReference; fileEncoding = 4; lastKnownFileType = sourcecode.c.objc; path = HMMasterMapInfoCommand.m; sourceTree = "<group>"; };
		F4B414F018B1013C00468DAF /* HMMasterSlotItemCommand.h */ = {isa = PBXFileReference; fileEncoding = 4; lastKnownFileType = sourcecode.c.h; path = HMMasterSlotItemCommand.h; sourceTree = "<group>"; };
		F4B414F118B1013C00468DAF /* HMMasterSlotItemCommand.m */ = {isa = PBXFileReference; fileEncoding = 4; lastKnownFileType = sourcecode.c.objc; path = HMMasterSlotItemCommand.m; sourceTree = "<group>"; };
		F4B414F318B1888800468DAF /* HMMasterFurnitureCommand.h */ = {isa = PBXFileReference; fileEncoding = 4; lastKnownFileType = sourcecode.c.h; path = HMMasterFurnitureCommand.h; sourceTree = "<group>"; };
		F4B414F418B1888800468DAF /* HMMasterFurnitureCommand.m */ = {isa = PBXFileReference; fileEncoding = 4; lastKnownFileType = sourcecode.c.objc; path = HMMasterFurnitureCommand.m; sourceTree = "<group>"; };
		F4B414F618B1D35800468DAF /* HMMasterMissionCommand.h */ = {isa = PBXFileReference; fileEncoding = 4; lastKnownFileType = sourcecode.c.h; path = HMMasterMissionCommand.h; sourceTree = "<group>"; };
		F4B414F718B1D35800468DAF /* HMMasterMissionCommand.m */ = {isa = PBXFileReference; fileEncoding = 4; lastKnownFileType = sourcecode.c.objc; path = HMMasterMissionCommand.m; sourceTree = "<group>"; };
		F4B414F918B1FB6C00468DAF /* HMMasterMapCellCommand.h */ = {isa = PBXFileReference; fileEncoding = 4; lastKnownFileType = sourcecode.c.h; path = HMMasterMapCellCommand.h; sourceTree = "<group>"; };
		F4B414FA18B1FB6C00468DAF /* HMMasterMapCellCommand.m */ = {isa = PBXFileReference; fileEncoding = 4; lastKnownFileType = sourcecode.c.objc; path = HMMasterMapCellCommand.m; sourceTree = "<group>"; };
		F4B414FC18B3A66200468DAF /* HMMemberNDockCommand.h */ = {isa = PBXFileReference; fileEncoding = 4; lastKnownFileType = sourcecode.c.h; path = HMMemberNDockCommand.h; sourceTree = "<group>"; };
		F4B414FD18B3A66200468DAF /* HMMemberNDockCommand.m */ = {isa = PBXFileReference; fileEncoding = 4; lastKnownFileType = sourcecode.c.objc; path = HMMemberNDockCommand.m; sourceTree = "<group>"; };
		F4BDEB43187252F30069D0CE /* KCD.app */ = {isa = PBXFileReference; explicitFileType = wrapper.application; includeInIndex = 0; path = KCD.app; sourceTree = BUILT_PRODUCTS_DIR; };
		F4BDEB46187252F30069D0CE /* Cocoa.framework */ = {isa = PBXFileReference; lastKnownFileType = wrapper.framework; name = Cocoa.framework; path = System/Library/Frameworks/Cocoa.framework; sourceTree = SDKROOT; };
		F4BDEB49187252F30069D0CE /* AppKit.framework */ = {isa = PBXFileReference; lastKnownFileType = wrapper.framework; name = AppKit.framework; path = System/Library/Frameworks/AppKit.framework; sourceTree = SDKROOT; };
		F4BDEB4A187252F30069D0CE /* CoreData.framework */ = {isa = PBXFileReference; lastKnownFileType = wrapper.framework; name = CoreData.framework; path = System/Library/Frameworks/CoreData.framework; sourceTree = SDKROOT; };
		F4BDEB4B187252F30069D0CE /* Foundation.framework */ = {isa = PBXFileReference; lastKnownFileType = wrapper.framework; name = Foundation.framework; path = System/Library/Frameworks/Foundation.framework; sourceTree = SDKROOT; };
		F4BDEB4E187252F30069D0CE /* KCD-Info.plist */ = {isa = PBXFileReference; lastKnownFileType = text.plist.xml; path = "KCD-Info.plist"; sourceTree = "<group>"; };
		F4BDEB50187252F30069D0CE /* en */ = {isa = PBXFileReference; lastKnownFileType = text.plist.strings; name = en; path = en.lproj/InfoPlist.strings; sourceTree = "<group>"; };
		F4BDEB52187252F30069D0CE /* main.m */ = {isa = PBXFileReference; lastKnownFileType = sourcecode.c.objc; path = main.m; sourceTree = "<group>"; };
		F4BDEB54187252F30069D0CE /* KCD-Prefix.pch */ = {isa = PBXFileReference; lastKnownFileType = sourcecode.c.h; path = "KCD-Prefix.pch"; sourceTree = "<group>"; };
		F4BDEB56187252F30069D0CE /* en */ = {isa = PBXFileReference; lastKnownFileType = text.rtf; name = en; path = en.lproj/Credits.rtf; sourceTree = "<group>"; };
		F4BDEB58187252F30069D0CE /* HMAppDelegate.h */ = {isa = PBXFileReference; lastKnownFileType = sourcecode.c.h; path = HMAppDelegate.h; sourceTree = "<group>"; };
		F4BDEB59187252F30069D0CE /* HMAppDelegate.m */ = {isa = PBXFileReference; lastKnownFileType = sourcecode.c.objc; path = HMAppDelegate.m; sourceTree = "<group>"; };
		F4BDEB5C187252F30069D0CE /* Base */ = {isa = PBXFileReference; lastKnownFileType = file.xib; name = Base; path = Base.lproj/MainMenu.xib; sourceTree = "<group>"; };
		F4BDEB5E187252F30069D0CE /* Images.xcassets */ = {isa = PBXFileReference; lastKnownFileType = folder.assetcatalog; path = Images.xcassets; sourceTree = "<group>"; };
		F4BDEB64187252F30069D0CE /* KCDTests.xctest */ = {isa = PBXFileReference; explicitFileType = wrapper.cfbundle; includeInIndex = 0; path = KCDTests.xctest; sourceTree = BUILT_PRODUCTS_DIR; };
		F4BDEB65187252F30069D0CE /* XCTest.framework */ = {isa = PBXFileReference; lastKnownFileType = wrapper.framework; name = XCTest.framework; path = Library/Frameworks/XCTest.framework; sourceTree = DEVELOPER_DIR; };
		F4BDEB6C187252F30069D0CE /* KCDTests-Info.plist */ = {isa = PBXFileReference; lastKnownFileType = text.plist.xml; path = "KCDTests-Info.plist"; sourceTree = "<group>"; };
		F4BDEB6E187252F30069D0CE /* en */ = {isa = PBXFileReference; lastKnownFileType = text.plist.strings; name = en; path = en.lproj/InfoPlist.strings; sourceTree = "<group>"; };
		F4BDEB70187252F30069D0CE /* KCDTests.m */ = {isa = PBXFileReference; lastKnownFileType = sourcecode.c.objc; path = KCDTests.m; sourceTree = "<group>"; };
		F4BDEB7A187253130069D0CE /* WebKit.framework */ = {isa = PBXFileReference; lastKnownFileType = wrapper.framework; name = WebKit.framework; path = System/Library/Frameworks/WebKit.framework; sourceTree = SDKROOT; };
		F4C041B91875CAF5009273EB /* JavaScriptCore.framework */ = {isa = PBXFileReference; lastKnownFileType = wrapper.framework; name = JavaScriptCore.framework; path = System/Library/Frameworks/JavaScriptCore.framework; sourceTree = SDKROOT; };
		F4C118F418A67B1C005D5B25 /* CacheStoragePolicy.h */ = {isa = PBXFileReference; fileEncoding = 4; lastKnownFileType = sourcecode.c.h; path = CacheStoragePolicy.h; sourceTree = "<group>"; };
		F4C118F518A67B1C005D5B25 /* CacheStoragePolicy.m */ = {isa = PBXFileReference; fileEncoding = 4; lastKnownFileType = sourcecode.c.objc; path = CacheStoragePolicy.m; sourceTree = "<group>"; };
		F4C118F618A67B1C005D5B25 /* CanonicalRequest.h */ = {isa = PBXFileReference; fileEncoding = 4; lastKnownFileType = sourcecode.c.h; path = CanonicalRequest.h; sourceTree = "<group>"; };
		F4C118F718A67B1C005D5B25 /* CanonicalRequest.m */ = {isa = PBXFileReference; fileEncoding = 4; lastKnownFileType = sourcecode.c.objc; path = CanonicalRequest.m; sourceTree = "<group>"; };
		F4C118F818A67B1C005D5B25 /* CustomHTTPProtocol.h */ = {isa = PBXFileReference; fileEncoding = 4; lastKnownFileType = sourcecode.c.h; path = CustomHTTPProtocol.h; sourceTree = "<group>"; };
		F4C118F918A67B1C005D5B25 /* CustomHTTPProtocol.m */ = {isa = PBXFileReference; fileEncoding = 4; lastKnownFileType = sourcecode.c.objc; path = CustomHTTPProtocol.m; sourceTree = "<group>"; };
		F4C1190018A6FFC2005D5B25 /* HMQueue.h */ = {isa = PBXFileReference; fileEncoding = 4; lastKnownFileType = sourcecode.c.h; path = HMQueue.h; sourceTree = "<group>"; };
		F4C1190118A6FFC2005D5B25 /* HMQueue.m */ = {isa = PBXFileReference; fileEncoding = 4; lastKnownFileType = sourcecode.c.objc; path = HMQueue.m; sourceTree = "<group>"; };
		F4C1190318A71AEA005D5B25 /* HMJSONReciever.h */ = {isa = PBXFileReference; fileEncoding = 4; lastKnownFileType = sourcecode.c.h; path = HMJSONReciever.h; sourceTree = "<group>"; };
		F4C1190418A71AEA005D5B25 /* HMJSONReciever.m */ = {isa = PBXFileReference; fileEncoding = 4; lastKnownFileType = sourcecode.c.objc; path = HMJSONReciever.m; sourceTree = "<group>"; };
		F4C1190618A746EB005D5B25 /* HMJSONTracker.h */ = {isa = PBXFileReference; fileEncoding = 4; lastKnownFileType = sourcecode.c.h; path = HMJSONTracker.h; sourceTree = "<group>"; };
		F4C1190718A746EB005D5B25 /* HMJSONTracker.m */ = {isa = PBXFileReference; fileEncoding = 4; lastKnownFileType = sourcecode.c.objc; path = HMJSONTracker.m; sourceTree = "<group>"; };
		F4C1190918A74DF0005D5B25 /* HMJSONCommand.h */ = {isa = PBXFileReference; fileEncoding = 4; lastKnownFileType = sourcecode.c.h; path = HMJSONCommand.h; sourceTree = "<group>"; };
		F4C1190A18A74DF0005D5B25 /* HMJSONCommand.m */ = {isa = PBXFileReference; fileEncoding = 4; lastKnownFileType = sourcecode.c.objc; path = HMJSONCommand.m; sourceTree = "<group>"; };
		F4D2CBC018AD0E1A000EBC59 /* HMMasterSTypeCommand.h */ = {isa = PBXFileReference; fileEncoding = 4; lastKnownFileType = sourcecode.c.h; path = HMMasterSTypeCommand.h; sourceTree = "<group>"; };
		F4D2CBC118AD0E1A000EBC59 /* HMMasterSTypeCommand.m */ = {isa = PBXFileReference; fileEncoding = 4; lastKnownFileType = sourcecode.c.objc; path = HMMasterSTypeCommand.m; sourceTree = "<group>"; };
		F4D2CBC318AE2AE2000EBC59 /* HMCompositCommand.h */ = {isa = PBXFileReference; fileEncoding = 4; lastKnownFileType = sourcecode.c.h; path = HMCompositCommand.h; sourceTree = "<group>"; };
		F4D2CBC418AE2AE2000EBC59 /* HMCompositCommand.m */ = {isa = PBXFileReference; fileEncoding = 4; lastKnownFileType = sourcecode.c.objc; path = HMCompositCommand.m; sourceTree = "<group>"; };
		F4D2CBC618B0555A000EBC59 /* HMKCManagedObject.h */ = {isa = PBXFileReference; fileEncoding = 4; lastKnownFileType = sourcecode.c.h; path = HMKCManagedObject.h; sourceTree = "<group>"; };
		F4D2CBC718B0555A000EBC59 /* HMKCManagedObject.m */ = {isa = PBXFileReference; fileEncoding = 4; lastKnownFileType = sourcecode.c.objc; path = HMKCManagedObject.m; sourceTree = "<group>"; };
		F4D2CBC918B05E58000EBC59 /* HMMaserShipCommand.h */ = {isa = PBXFileReference; fileEncoding = 4; lastKnownFileType = sourcecode.c.h; path = HMMaserShipCommand.h; sourceTree = "<group>"; };
		F4D2CBCA18B05E58000EBC59 /* HMMaserShipCommand.m */ = {isa = PBXFileReference; fileEncoding = 4; lastKnownFileType = sourcecode.c.objc; path = HMMaserShipCommand.m; sourceTree = "<group>"; };
/* End PBXFileReference section */

/* Begin PBXFrameworksBuildPhase section */
		F4BDEB40187252F30069D0CE /* Frameworks */ = {
			isa = PBXFrameworksBuildPhase;
			buildActionMask = 2147483647;
			files = (
				F4C041BA1875CAF5009273EB /* JavaScriptCore.framework in Frameworks */,
				F4BDEB7B187253130069D0CE /* WebKit.framework in Frameworks */,
				F4BDEB47187252F30069D0CE /* Cocoa.framework in Frameworks */,
			);
			runOnlyForDeploymentPostprocessing = 0;
		};
		F4BDEB61187252F30069D0CE /* Frameworks */ = {
			isa = PBXFrameworksBuildPhase;
			buildActionMask = 2147483647;
			files = (
				F4BDEB67187252F30069D0CE /* Cocoa.framework in Frameworks */,
				F4BDEB66187252F30069D0CE /* XCTest.framework in Frameworks */,
			);
			runOnlyForDeploymentPostprocessing = 0;
		};
/* End PBXFrameworksBuildPhase section */

/* Begin PBXGroup section */
		F4BDEB3A187252F30069D0CE = {
			isa = PBXGroup;
			children = (
				F4BDEB4C187252F30069D0CE /* KCD */,
				F4BDEB6A187252F30069D0CE /* KCDTests */,
				F4BDEB45187252F30069D0CE /* Frameworks */,
				F4BDEB44187252F30069D0CE /* Products */,
			);
			sourceTree = "<group>";
		};
		F4BDEB44187252F30069D0CE /* Products */ = {
			isa = PBXGroup;
			children = (
				F4BDEB43187252F30069D0CE /* KCD.app */,
				F4BDEB64187252F30069D0CE /* KCDTests.xctest */,
			);
			name = Products;
			sourceTree = "<group>";
		};
		F4BDEB45187252F30069D0CE /* Frameworks */ = {
			isa = PBXGroup;
			children = (
				F4C041B91875CAF5009273EB /* JavaScriptCore.framework */,
				F4BDEB7A187253130069D0CE /* WebKit.framework */,
				F4BDEB46187252F30069D0CE /* Cocoa.framework */,
				F4BDEB65187252F30069D0CE /* XCTest.framework */,
				F4BDEB48187252F30069D0CE /* Other Frameworks */,
			);
			name = Frameworks;
			sourceTree = "<group>";
		};
		F4BDEB48187252F30069D0CE /* Other Frameworks */ = {
			isa = PBXGroup;
			children = (
				F4BDEB49187252F30069D0CE /* AppKit.framework */,
				F4BDEB4A187252F30069D0CE /* CoreData.framework */,
				F4BDEB4B187252F30069D0CE /* Foundation.framework */,
			);
			name = "Other Frameworks";
			sourceTree = "<group>";
		};
		F4BDEB4C187252F30069D0CE /* KCD */ = {
			isa = PBXGroup;
			children = (
				F4C118F318A67B05005D5B25 /* CustomHTTPProtocol */,
				F4BDEB58187252F30069D0CE /* HMAppDelegate.h */,
				F4BDEB59187252F30069D0CE /* HMAppDelegate.m */,
				F4513EDB18B619B600073552 /* HMCoreDataManager.h */,
				F4513EDC18B619B600073552 /* HMCoreDataManager.m */,
				F4C1190318A71AEA005D5B25 /* HMJSONReciever.h */,
				F4C1190418A71AEA005D5B25 /* HMJSONReciever.m */,
				F4C1190618A746EB005D5B25 /* HMJSONTracker.h */,
				F4C1190718A746EB005D5B25 /* HMJSONTracker.m */,
				F4D2CBC618B0555A000EBC59 /* HMKCManagedObject.h */,
				F4D2CBC718B0555A000EBC59 /* HMKCManagedObject.m */,
				F4513EFC18BB6B0C00073552 /* HMKCShipObject.h */,
				F4513EFD18BB6B0C00073552 /* HMKCShipObject.m */,
				F4D2CBBF18ACE7D7000EBC59 /* Command */,
				F46F103F18A9B85E0063E503 /* HMJSONNode.h */,
				F46F104018A9B85E0063E503 /* HMJSONNode.m */,
				F4C1190018A6FFC2005D5B25 /* HMQueue.h */,
				F4C1190118A6FFC2005D5B25 /* HMQueue.m */,
				F4BDEB5B187252F30069D0CE /* MainMenu.xib */,
				F4BDEB5E187252F30069D0CE /* Images.xcassets */,
				F4BDEB4D187252F30069D0CE /* Supporting Files */,
				F46F104218AA50730063E503 /* HMBroserWindowController.h */,
				F46F104318AA50730063E503 /* HMBroserWindowController.m */,
				F46F104418AA50730063E503 /* HMBroserWindowController.xib */,
				F4513EE118B635EA00073552 /* HMDocksViewController.h */,
				F4513EE218B635EA00073552 /* HMDocksViewController.m */,
				F4513EE318B635EA00073552 /* HMDocksViewController.xib */,
				F47B78AF18A7B42B0011386E /* HMJSONViewWindowController.h */,
				F47B78B018A7B42B0011386E /* HMJSONViewWindowController.m */,
				F47B78B118A7B42B0011386E /* HMJSONViewWindowController.xib */,
				F4513EF718BB699700073552 /* HMShipWindowController.h */,
				F4513EF818BB699700073552 /* HMShipWindowController.m */,
				F4513EF918BB699700073552 /* HMShipWindowController.xib */,
				F46F104718ABAC910063E503 /* KCD.xcdatamodeld */,
			);
			path = KCD;
			sourceTree = "<group>";
		};
		F4BDEB4D187252F30069D0CE /* Supporting Files */ = {
			isa = PBXGroup;
			children = (
				F4513EEF18B96C6C00073552 /* Links.rtf */,
				F4BDEB4E187252F30069D0CE /* KCD-Info.plist */,
				F4BDEB4F187252F30069D0CE /* InfoPlist.strings */,
				F4BDEB52187252F30069D0CE /* main.m */,
				F4BDEB54187252F30069D0CE /* KCD-Prefix.pch */,
				F4BDEB55187252F30069D0CE /* Credits.rtf */,
			);
			name = "Supporting Files";
			sourceTree = "<group>";
		};
		F4BDEB6A187252F30069D0CE /* KCDTests */ = {
			isa = PBXGroup;
			children = (
				F4BDEB70187252F30069D0CE /* KCDTests.m */,
				F4BDEB6B187252F30069D0CE /* Supporting Files */,
			);
			path = KCDTests;
			sourceTree = "<group>";
		};
		F4BDEB6B187252F30069D0CE /* Supporting Files */ = {
			isa = PBXGroup;
			children = (
				F4BDEB6C187252F30069D0CE /* KCDTests-Info.plist */,
				F4BDEB6D187252F30069D0CE /* InfoPlist.strings */,
			);
			name = "Supporting Files";
			sourceTree = "<group>";
		};
		F4C118F318A67B05005D5B25 /* CustomHTTPProtocol */ = {
			isa = PBXGroup;
			children = (
				F4C118F418A67B1C005D5B25 /* CacheStoragePolicy.h */,
				F4C118F518A67B1C005D5B25 /* CacheStoragePolicy.m */,
				F4C118F618A67B1C005D5B25 /* CanonicalRequest.h */,
				F4C118F718A67B1C005D5B25 /* CanonicalRequest.m */,
				F4C118F818A67B1C005D5B25 /* CustomHTTPProtocol.h */,
				F4C118F918A67B1C005D5B25 /* CustomHTTPProtocol.m */,
			);
			name = CustomHTTPProtocol;
			sourceTree = "<group>";
		};
		F4D2CBBF18ACE7D7000EBC59 /* Command */ = {
			isa = PBXGroup;
			children = (
				F4C1190918A74DF0005D5B25 /* HMJSONCommand.h */,
				F4C1190A18A74DF0005D5B25 /* HMJSONCommand.m */,
				F4D2CBC318AE2AE2000EBC59 /* HMCompositCommand.h */,
				F4D2CBC418AE2AE2000EBC59 /* HMCompositCommand.m */,
				F46F103418A7CE310063E503 /* HMJSONViewCommand.h */,
				F46F103518A7CE310063E503 /* HMJSONViewCommand.m */,
				F4D2CBC018AD0E1A000EBC59 /* HMMasterSTypeCommand.h */,
				F4D2CBC118AD0E1A000EBC59 /* HMMasterSTypeCommand.m */,
				F4D2CBC918B05E58000EBC59 /* HMMaserShipCommand.h */,
				F4D2CBCA18B05E58000EBC59 /* HMMaserShipCommand.m */,
				F4B414E718B09A4B00468DAF /* HMMasterMapAreaCommand.h */,
				F4B414E818B09A4B00468DAF /* HMMasterMapAreaCommand.m */,
				F4B414EA18B0A7D600468DAF /* HMMasterUseItemCommand.h */,
				F4B414EB18B0A7D600468DAF /* HMMasterUseItemCommand.m */,
				F4B414ED18B0BF1A00468DAF /* HMMasterMapInfoCommand.h */,
				F4B414EE18B0BF1A00468DAF /* HMMasterMapInfoCommand.m */,
				F4B414F018B1013C00468DAF /* HMMasterSlotItemCommand.h */,
				F4B414F118B1013C00468DAF /* HMMasterSlotItemCommand.m */,
				F4B414F318B1888800468DAF /* HMMasterFurnitureCommand.h */,
				F4B414F418B1888800468DAF /* HMMasterFurnitureCommand.m */,
				F4B414F618B1D35800468DAF /* HMMasterMissionCommand.h */,
				F4B414F718B1D35800468DAF /* HMMasterMissionCommand.m */,
				F4B414F918B1FB6C00468DAF /* HMMasterMapCellCommand.h */,
				F4B414FA18B1FB6C00468DAF /* HMMasterMapCellCommand.m */,
				F4B414FC18B3A66200468DAF /* HMMemberNDockCommand.h */,
				F4B414FD18B3A66200468DAF /* HMMemberNDockCommand.m */,
				F4513EE618B77A5300073552 /* HMMemberKDockCommand.h */,
				F4513EE718B77A5300073552 /* HMMemberKDockCommand.m */,
				F4513EE918B7900A00073552 /* HMMemberDeckCommand.h */,
				F4513EEA18B7900A00073552 /* HMMemberDeckCommand.m */,
				F4513EEC18B8E2F600073552 /* HMMemberMaterialCommand.h */,
				F4513EED18B8E2F600073552 /* HMMemberMaterialCommand.m */,
				F4513EF118B991F800073552 /* HMMemberBasicCommand.h */,
				F4513EF218B991F800073552 /* HMMemberBasicCommand.m */,
				F4513EF418B9F29800073552 /* HMMemberShipCommand.h */,
				F4513EF518B9F29800073552 /* HMMemberShipCommand.m */,
			);
			name = Command;
			sourceTree = "<group>";
		};
/* End PBXGroup section */

/* Begin PBXNativeTarget section */
		F4BDEB42187252F30069D0CE /* KCD */ = {
			isa = PBXNativeTarget;
			buildConfigurationList = F4BDEB74187252F30069D0CE /* Build configuration list for PBXNativeTarget "KCD" */;
			buildPhases = (
				F4BDEB3F187252F30069D0CE /* Sources */,
				F4BDEB40187252F30069D0CE /* Frameworks */,
				F4BDEB41187252F30069D0CE /* Resources */,
			);
			buildRules = (
			);
			dependencies = (
			);
			name = KCD;
			productName = KCD;
			productReference = F4BDEB43187252F30069D0CE /* KCD.app */;
			productType = "com.apple.product-type.application";
		};
		F4BDEB63187252F30069D0CE /* KCDTests */ = {
			isa = PBXNativeTarget;
			buildConfigurationList = F4BDEB77187252F30069D0CE /* Build configuration list for PBXNativeTarget "KCDTests" */;
			buildPhases = (
				F4BDEB60187252F30069D0CE /* Sources */,
				F4BDEB61187252F30069D0CE /* Frameworks */,
				F4BDEB62187252F30069D0CE /* Resources */,
			);
			buildRules = (
			);
			dependencies = (
				F4BDEB69187252F30069D0CE /* PBXTargetDependency */,
			);
			name = KCDTests;
			productName = KCDTests;
			productReference = F4BDEB64187252F30069D0CE /* KCDTests.xctest */;
			productType = "com.apple.product-type.bundle.unit-test";
		};
/* End PBXNativeTarget section */

/* Begin PBXProject section */
		F4BDEB3B187252F30069D0CE /* Project object */ = {
			isa = PBXProject;
			attributes = {
				CLASSPREFIX = HM;
				LastUpgradeCheck = 0500;
				ORGANIZATIONNAME = "Hori,Masaki";
				TargetAttributes = {
					F4BDEB63187252F30069D0CE = {
						TestTargetID = F4BDEB42187252F30069D0CE;
					};
				};
			};
			buildConfigurationList = F4BDEB3E187252F30069D0CE /* Build configuration list for PBXProject "KCD" */;
			compatibilityVersion = "Xcode 3.2";
			developmentRegion = English;
			hasScannedForEncodings = 0;
			knownRegions = (
				en,
				Base,
			);
			mainGroup = F4BDEB3A187252F30069D0CE;
			productRefGroup = F4BDEB44187252F30069D0CE /* Products */;
			projectDirPath = "";
			projectRoot = "";
			targets = (
				F4BDEB42187252F30069D0CE /* KCD */,
				F4BDEB63187252F30069D0CE /* KCDTests */,
			);
		};
/* End PBXProject section */

/* Begin PBXResourcesBuildPhase section */
		F4BDEB41187252F30069D0CE /* Resources */ = {
			isa = PBXResourcesBuildPhase;
			buildActionMask = 2147483647;
			files = (
				F4BDEB51187252F30069D0CE /* InfoPlist.strings in Resources */,
				F4513EFB18BB699700073552 /* HMShipWindowController.xib in Resources */,
				F4513EE518B635EA00073552 /* HMDocksViewController.xib in Resources */,
				F47B78B318A7B42B0011386E /* HMJSONViewWindowController.xib in Resources */,
				F4BDEB5F187252F30069D0CE /* Images.xcassets in Resources */,
				F4513EF018B96C6C00073552 /* Links.rtf in Resources */,
				F4BDEB57187252F30069D0CE /* Credits.rtf in Resources */,
				F4BDEB5D187252F30069D0CE /* MainMenu.xib in Resources */,
				F46F104618AA50730063E503 /* HMBroserWindowController.xib in Resources */,
			);
			runOnlyForDeploymentPostprocessing = 0;
		};
		F4BDEB62187252F30069D0CE /* Resources */ = {
			isa = PBXResourcesBuildPhase;
			buildActionMask = 2147483647;
			files = (
				F4BDEB6F187252F30069D0CE /* InfoPlist.strings in Resources */,
			);
			runOnlyForDeploymentPostprocessing = 0;
		};
/* End PBXResourcesBuildPhase section */

/* Begin PBXSourcesBuildPhase section */
		F4BDEB3F187252F30069D0CE /* Sources */ = {
			isa = PBXSourcesBuildPhase;
			buildActionMask = 2147483647;
			files = (
				F4513EE818B77A5300073552 /* HMMemberKDockCommand.m in Sources */,
				F4D2CBC518AE2AE2000EBC59 /* HMCompositCommand.m in Sources */,
				F4C1190218A6FFC2005D5B25 /* HMQueue.m in Sources */,
				F4513EEB18B7900A00073552 /* HMMemberDeckCommand.m in Sources */,
				F46F103618A7CE310063E503 /* HMJSONViewCommand.m in Sources */,
				F4B414FB18B1FB6C00468DAF /* HMMasterMapCellCommand.m in Sources */,
				F4C118FA18A67B1C005D5B25 /* CacheStoragePolicy.m in Sources */,
				F4C1190518A71AEA005D5B25 /* HMJSONReciever.m in Sources */,
				F4B414F818B1D35800468DAF /* HMMasterMissionCommand.m in Sources */,
				F4C1190B18A74DF0005D5B25 /* HMJSONCommand.m in Sources */,
				F4B414F518B1888800468DAF /* HMMasterFurnitureCommand.m in Sources */,
				F4513EEE18B8E2F600073552 /* HMMemberMaterialCommand.m in Sources */,
				F4BDEB53187252F30069D0CE /* main.m in Sources */,
				F4513EE418B635EA00073552 /* HMDocksViewController.m in Sources */,
				F47B78B218A7B42B0011386E /* HMJSONViewWindowController.m in Sources */,
				F4B414EF18B0BF1A00468DAF /* HMMasterMapInfoCommand.m in Sources */,
				F4C118FC18A67B1C005D5B25 /* CustomHTTPProtocol.m in Sources */,
				F4D2CBCB18B05E58000EBC59 /* HMMaserShipCommand.m in Sources */,
				F4513EFA18BB699700073552 /* HMShipWindowController.m in Sources */,
				F46F104118A9B85E0063E503 /* HMJSONNode.m in Sources */,
				F4513EFE18BB6B0C00073552 /* HMKCShipObject.m in Sources */,
				F4513EF618B9F29800073552 /* HMMemberShipCommand.m in Sources */,
				F4C1190818A746EB005D5B25 /* HMJSONTracker.m in Sources */,
				F4513EDD18B619B600073552 /* HMCoreDataManager.m in Sources */,
				F4B414E918B09A4B00468DAF /* HMMasterMapAreaCommand.m in Sources */,
				F4C118FB18A67B1C005D5B25 /* CanonicalRequest.m in Sources */,
				F4BDEB5A187252F30069D0CE /* HMAppDelegate.m in Sources */,
				F46F104918ABAC910063E503 /* KCD.xcdatamodeld in Sources */,
				F4B414FE18B3A66200468DAF /* HMMemberNDockCommand.m in Sources */,
				F4B414F218B1013C00468DAF /* HMMasterSlotItemCommand.m in Sources */,
				F4D2CBC818B0555A000EBC59 /* HMKCManagedObject.m in Sources */,
				F4D2CBC218AD0E1A000EBC59 /* HMMasterSTypeCommand.m in Sources */,
				F46F104518AA50730063E503 /* HMBroserWindowController.m in Sources */,
				F4B414EC18B0A7D600468DAF /* HMMasterUseItemCommand.m in Sources */,
				F4513EF318B991F800073552 /* HMMemberBasicCommand.m in Sources */,
			);
			runOnlyForDeploymentPostprocessing = 0;
		};
		F4BDEB60187252F30069D0CE /* Sources */ = {
			isa = PBXSourcesBuildPhase;
			buildActionMask = 2147483647;
			files = (
				F4BDEB71187252F30069D0CE /* KCDTests.m in Sources */,
			);
			runOnlyForDeploymentPostprocessing = 0;
		};
/* End PBXSourcesBuildPhase section */

/* Begin PBXTargetDependency section */
		F4BDEB69187252F30069D0CE /* PBXTargetDependency */ = {
			isa = PBXTargetDependency;
			target = F4BDEB42187252F30069D0CE /* KCD */;
			targetProxy = F4BDEB68187252F30069D0CE /* PBXContainerItemProxy */;
		};
/* End PBXTargetDependency section */

/* Begin PBXVariantGroup section */
		F4BDEB4F187252F30069D0CE /* InfoPlist.strings */ = {
			isa = PBXVariantGroup;
			children = (
				F4BDEB50187252F30069D0CE /* en */,
			);
			name = InfoPlist.strings;
			sourceTree = "<group>";
		};
		F4BDEB55187252F30069D0CE /* Credits.rtf */ = {
			isa = PBXVariantGroup;
			children = (
				F4BDEB56187252F30069D0CE /* en */,
			);
			name = Credits.rtf;
			sourceTree = "<group>";
		};
		F4BDEB5B187252F30069D0CE /* MainMenu.xib */ = {
			isa = PBXVariantGroup;
			children = (
				F4BDEB5C187252F30069D0CE /* Base */,
			);
			name = MainMenu.xib;
			sourceTree = "<group>";
		};
		F4BDEB6D187252F30069D0CE /* InfoPlist.strings */ = {
			isa = PBXVariantGroup;
			children = (
				F4BDEB6E187252F30069D0CE /* en */,
			);
			name = InfoPlist.strings;
			sourceTree = "<group>";
		};
/* End PBXVariantGroup section */

/* Begin XCBuildConfiguration section */
		F4BDEB72187252F30069D0CE /* Debug */ = {
			isa = XCBuildConfiguration;
			buildSettings = {
				ALWAYS_SEARCH_USER_PATHS = NO;
				CLANG_CXX_LANGUAGE_STANDARD = "gnu++0x";
				CLANG_CXX_LIBRARY = "libc++";
				CLANG_ENABLE_OBJC_ARC = YES;
				CLANG_WARN_BOOL_CONVERSION = YES;
				CLANG_WARN_CONSTANT_CONVERSION = YES;
				CLANG_WARN_DIRECT_OBJC_ISA_USAGE = YES_ERROR;
				CLANG_WARN_EMPTY_BODY = YES;
				CLANG_WARN_ENUM_CONVERSION = YES;
				CLANG_WARN_INT_CONVERSION = YES;
				CLANG_WARN_OBJC_ROOT_CLASS = YES_ERROR;
				CLANG_WARN__DUPLICATE_METHOD_MATCH = YES;
				COPY_PHASE_STRIP = NO;
				GCC_C_LANGUAGE_STANDARD = gnu99;
				GCC_DYNAMIC_NO_PIC = NO;
				GCC_ENABLE_OBJC_EXCEPTIONS = YES;
				GCC_OPTIMIZATION_LEVEL = 0;
				GCC_PREPROCESSOR_DEFINITIONS = (
					"DEBUG=1",
					"$(inherited)",
				);
				GCC_SYMBOLS_PRIVATE_EXTERN = NO;
				GCC_WARN_64_TO_32_BIT_CONVERSION = YES;
				GCC_WARN_ABOUT_RETURN_TYPE = YES_ERROR;
				GCC_WARN_UNDECLARED_SELECTOR = YES;
				GCC_WARN_UNINITIALIZED_AUTOS = YES;
				GCC_WARN_UNUSED_FUNCTION = YES;
				GCC_WARN_UNUSED_VARIABLE = YES;
				MACOSX_DEPLOYMENT_TARGET = 10.8;
				ONLY_ACTIVE_ARCH = YES;
				SDKROOT = macosx10.8;
			};
			name = Debug;
		};
		F4BDEB73187252F30069D0CE /* Release */ = {
			isa = XCBuildConfiguration;
			buildSettings = {
				ALWAYS_SEARCH_USER_PATHS = NO;
				CLANG_CXX_LANGUAGE_STANDARD = "gnu++0x";
				CLANG_CXX_LIBRARY = "libc++";
				CLANG_ENABLE_OBJC_ARC = YES;
				CLANG_WARN_BOOL_CONVERSION = YES;
				CLANG_WARN_CONSTANT_CONVERSION = YES;
				CLANG_WARN_DIRECT_OBJC_ISA_USAGE = YES_ERROR;
				CLANG_WARN_EMPTY_BODY = YES;
				CLANG_WARN_ENUM_CONVERSION = YES;
				CLANG_WARN_INT_CONVERSION = YES;
				CLANG_WARN_OBJC_ROOT_CLASS = YES_ERROR;
				CLANG_WARN__DUPLICATE_METHOD_MATCH = YES;
				COPY_PHASE_STRIP = YES;
				DEBUG_INFORMATION_FORMAT = "dwarf-with-dsym";
				ENABLE_NS_ASSERTIONS = NO;
				GCC_C_LANGUAGE_STANDARD = gnu99;
				GCC_ENABLE_OBJC_EXCEPTIONS = YES;
				GCC_WARN_64_TO_32_BIT_CONVERSION = YES;
				GCC_WARN_ABOUT_RETURN_TYPE = YES_ERROR;
				GCC_WARN_UNDECLARED_SELECTOR = YES;
				GCC_WARN_UNINITIALIZED_AUTOS = YES;
				GCC_WARN_UNUSED_FUNCTION = YES;
				GCC_WARN_UNUSED_VARIABLE = YES;
				MACOSX_DEPLOYMENT_TARGET = 10.8;
				SDKROOT = macosx10.8;
			};
			name = Release;
		};
		F4BDEB75187252F30069D0CE /* Debug */ = {
			isa = XCBuildConfiguration;
			buildSettings = {
				ASSETCATALOG_COMPILER_APPICON_NAME = AppIcon;
				COMBINE_HIDPI_IMAGES = YES;
				GCC_PRECOMPILE_PREFIX_HEADER = YES;
				GCC_PREFIX_HEADER = "KCD/KCD-Prefix.pch";
				INFOPLIST_FILE = "KCD/KCD-Info.plist";
				PRODUCT_NAME = "$(TARGET_NAME)";
				WRAPPER_EXTENSION = app;
			};
			name = Debug;
		};
		F4BDEB76187252F30069D0CE /* Release */ = {
			isa = XCBuildConfiguration;
			buildSettings = {
				ASSETCATALOG_COMPILER_APPICON_NAME = AppIcon;
				COMBINE_HIDPI_IMAGES = YES;
				GCC_PRECOMPILE_PREFIX_HEADER = YES;
				GCC_PREFIX_HEADER = "KCD/KCD-Prefix.pch";
				INFOPLIST_FILE = "KCD/KCD-Info.plist";
				PRODUCT_NAME = "$(TARGET_NAME)";
				WRAPPER_EXTENSION = app;
			};
			name = Release;
		};
		F4BDEB78187252F30069D0CE /* Debug */ = {
			isa = XCBuildConfiguration;
			buildSettings = {
				BUNDLE_LOADER = "$(BUILT_PRODUCTS_DIR)/KCD.app/Contents/MacOS/KCD";
				COMBINE_HIDPI_IMAGES = YES;
				FRAMEWORK_SEARCH_PATHS = (
					"$(DEVELOPER_FRAMEWORKS_DIR)",
					"$(inherited)",
				);
				GCC_PRECOMPILE_PREFIX_HEADER = YES;
				GCC_PREFIX_HEADER = "KCD/KCD-Prefix.pch";
				GCC_PREPROCESSOR_DEFINITIONS = (
					"DEBUG=1",
					"$(inherited)",
				);
				INFOPLIST_FILE = "KCDTests/KCDTests-Info.plist";
				PRODUCT_NAME = "$(TARGET_NAME)";
				TEST_HOST = "$(BUNDLE_LOADER)";
				WRAPPER_EXTENSION = xctest;
			};
			name = Debug;
		};
		F4BDEB79187252F30069D0CE /* Release */ = {
			isa = XCBuildConfiguration;
			buildSettings = {
				BUNDLE_LOADER = "$(BUILT_PRODUCTS_DIR)/KCD.app/Contents/MacOS/KCD";
				COMBINE_HIDPI_IMAGES = YES;
				FRAMEWORK_SEARCH_PATHS = (
					"$(DEVELOPER_FRAMEWORKS_DIR)",
					"$(inherited)",
				);
				GCC_PRECOMPILE_PREFIX_HEADER = YES;
				GCC_PREFIX_HEADER = "KCD/KCD-Prefix.pch";
				INFOPLIST_FILE = "KCDTests/KCDTests-Info.plist";
				PRODUCT_NAME = "$(TARGET_NAME)";
				TEST_HOST = "$(BUNDLE_LOADER)";
				WRAPPER_EXTENSION = xctest;
			};
			name = Release;
		};
/* End XCBuildConfiguration section */

/* Begin XCConfigurationList section */
		F4BDEB3E187252F30069D0CE /* Build configuration list for PBXProject "KCD" */ = {
			isa = XCConfigurationList;
			buildConfigurations = (
				F4BDEB72187252F30069D0CE /* Debug */,
				F4BDEB73187252F30069D0CE /* Release */,
			);
			defaultConfigurationIsVisible = 0;
			defaultConfigurationName = Release;
		};
		F4BDEB74187252F30069D0CE /* Build configuration list for PBXNativeTarget "KCD" */ = {
			isa = XCConfigurationList;
			buildConfigurations = (
				F4BDEB75187252F30069D0CE /* Debug */,
				F4BDEB76187252F30069D0CE /* Release */,
			);
			defaultConfigurationIsVisible = 0;
			defaultConfigurationName = Release;
		};
		F4BDEB77187252F30069D0CE /* Build configuration list for PBXNativeTarget "KCDTests" */ = {
			isa = XCConfigurationList;
			buildConfigurations = (
				F4BDEB78187252F30069D0CE /* Debug */,
				F4BDEB79187252F30069D0CE /* Release */,
			);
			defaultConfigurationIsVisible = 0;
			defaultConfigurationName = Release;
		};
/* End XCConfigurationList section */

/* Begin XCVersionGroup section */
		F46F104718ABAC910063E503 /* KCD.xcdatamodeld */ = {
			isa = XCVersionGroup;
			children = (
				F46F104818ABAC910063E503 /* KCD.xcdatamodel */,
			);
			currentVersion = F46F104818ABAC910063E503 /* KCD.xcdatamodel */;
			path = KCD.xcdatamodeld;
			sourceTree = "<group>";
			versionGroupType = wrapper.xcdatamodel;
		};
/* End XCVersionGroup section */
	};
	rootObject = F4BDEB3B187252F30069D0CE /* Project object */;
}
